// !$*UTF8*$!
{
	archiveVersion = 1;
	classes = {
	};
	objectVersion = 52;
	objects = {

/* Begin PBXBuildFile section */
		6D04DBEE26E4D0AA003783F2 /* DisplayView.swift in Sources */ = {isa = PBXBuildFile; fileRef = 6D04DBED26E4D0AA003783F2 /* DisplayView.swift */; };
		6D04DBFB26E4DC67003783F2 /* InstrumentView.swift in Sources */ = {isa = PBXBuildFile; fileRef = 6D04DBFA26E4DC67003783F2 /* InstrumentView.swift */; };
		6D04DC0526E4EAD2003783F2 /* AttitudeView.swift in Sources */ = {isa = PBXBuildFile; fileRef = 6D04DC0426E4EAD2003783F2 /* AttitudeView.swift */; };
		6D04DC0826E4EADA003783F2 /* CompassView.swift in Sources */ = {isa = PBXBuildFile; fileRef = 6D04DC0726E4EADA003783F2 /* CompassView.swift */; };
		6D04DC0B26E4EE2C003783F2 /* ConnectionView.swift in Sources */ = {isa = PBXBuildFile; fileRef = 6D04DC0A26E4EE2C003783F2 /* ConnectionView.swift */; };
		6D04DC0E26E4F4BD003783F2 /* Logbook.swift in Sources */ = {isa = PBXBuildFile; fileRef = 6D04DC0D26E4F4BD003783F2 /* Logbook.swift */; };
		6D06263126EE8C1000FCAC40 /* BluetoothManager.swift in Sources */ = {isa = PBXBuildFile; fileRef = 6D06263026EE8C1000FCAC40 /* BluetoothManager.swift */; };
		6D34745526E4CD39001F1E59 /* iNavTelemetryApp.swift in Sources */ = {isa = PBXBuildFile; fileRef = 6D34745426E4CD39001F1E59 /* iNavTelemetryApp.swift */; };
		6D34745726E4CD39001F1E59 /* Dashboard.swift in Sources */ = {isa = PBXBuildFile; fileRef = 6D34745626E4CD39001F1E59 /* Dashboard.swift */; };
		6D34745926E4CD3A001F1E59 /* Assets.xcassets in Resources */ = {isa = PBXBuildFile; fileRef = 6D34745826E4CD3A001F1E59 /* Assets.xcassets */; };
		6D34745C26E4CD3A001F1E59 /* Preview Assets.xcassets in Resources */ = {isa = PBXBuildFile; fileRef = 6D34745B26E4CD3A001F1E59 /* Preview Assets.xcassets */; };
		6D34746926E4CDBB001F1E59 /* MapView.swift in Sources */ = {isa = PBXBuildFile; fileRef = 6D34746826E4CDBB001F1E59 /* MapView.swift */; };
		6D3F821A26ED47FF009B408D /* SmartPort.swift in Sources */ = {isa = PBXBuildFile; fileRef = 6D3F821526ED47FF009B408D /* SmartPort.swift */; };
		6D3F821B26ED47FF009B408D /* Msp_v2.swift in Sources */ = {isa = PBXBuildFile; fileRef = 6D3F821626ED47FF009B408D /* Msp_v2.swift */; };
		6D3F821C26ED47FF009B408D /* Msp_v1.swift in Sources */ = {isa = PBXBuildFile; fileRef = 6D3F821726ED47FF009B408D /* Msp_v1.swift */; };
		6D3F821D26ED47FF009B408D /* TelemetryManager.swift in Sources */ = {isa = PBXBuildFile; fileRef = 6D3F821826ED47FF009B408D /* TelemetryManager.swift */; };
		6D3F821E26ED47FF009B408D /* CustomTelemetry.swift in Sources */ = {isa = PBXBuildFile; fileRef = 6D3F821926ED47FF009B408D /* CustomTelemetry.swift */; };
		6D49B7A326E80515006833A9 /* AppViewModel.swift in Sources */ = {isa = PBXBuildFile; fileRef = 6D49B7A226E80515006833A9 /* AppViewModel.swift */; };
		6D5B151F2701EC9F001C40BF /* CloudStorage.swift in Sources */ = {isa = PBXBuildFile; fileRef = 6D5B151E2701EC9F001C40BF /* CloudStorage.swift */; };
		6D5B15202701EC9F001C40BF /* CloudStorage.swift in Sources */ = {isa = PBXBuildFile; fileRef = 6D5B151E2701EC9F001C40BF /* CloudStorage.swift */; };
		6DAF1E5426EDEAD700DBE06A /* Database.swift in Sources */ = {isa = PBXBuildFile; fileRef = 6DAF1E5326EDEAD700DBE06A /* Database.swift */; };
		6DBA3DCB27119B9500D79FFB /* MavLink.swift in Sources */ = {isa = PBXBuildFile; fileRef = 6DBA3DCA27119B9500D79FFB /* MavLink.swift */; };
		6DBA3DCC2711C3DF00D79FFB /* MavLink.swift in Sources */ = {isa = PBXBuildFile; fileRef = 6DBA3DCA27119B9500D79FFB /* MavLink.swift */; };
		6DD7D1AF26F3D46E00735EA2 /* MainView.swift in Sources */ = {isa = PBXBuildFile; fileRef = 6DD7D1AE26F3D46E00735EA2 /* MainView.swift */; };
		6DF2432D26F5F5E600DE6FE8 /* SocketManager.swift in Sources */ = {isa = PBXBuildFile; fileRef = 6DF2432C26F5F5E600DE6FE8 /* SocketManager.swift */; };
		6DF2433126F5F64600DE6FE8 /* SocketIO in Frameworks */ = {isa = PBXBuildFile; productRef = 6DF2433026F5F64600DE6FE8 /* SocketIO */; };
		6DF6721727012008007CBD63 /* iNavTelemetryOSXApp.swift in Sources */ = {isa = PBXBuildFile; fileRef = 6DF6721627012008007CBD63 /* iNavTelemetryOSXApp.swift */; };
		6DF6721E2701200B007CBD63 /* Preview Assets.xcassets in Resources */ = {isa = PBXBuildFile; fileRef = 6DF6721D2701200B007CBD63 /* Preview Assets.xcassets */; };
		6DF672232701201E007CBD63 /* SmartPort.swift in Sources */ = {isa = PBXBuildFile; fileRef = 6D3F821526ED47FF009B408D /* SmartPort.swift */; };
		6DF6722427012021007CBD63 /* Msp_v2.swift in Sources */ = {isa = PBXBuildFile; fileRef = 6D3F821626ED47FF009B408D /* Msp_v2.swift */; };
		6DF6722527012023007CBD63 /* Msp_v1.swift in Sources */ = {isa = PBXBuildFile; fileRef = 6D3F821726ED47FF009B408D /* Msp_v1.swift */; };
		6DF6722627012025007CBD63 /* CustomTelemetry.swift in Sources */ = {isa = PBXBuildFile; fileRef = 6D3F821926ED47FF009B408D /* CustomTelemetry.swift */; };
		6DF6722727012027007CBD63 /* TelemetryManager.swift in Sources */ = {isa = PBXBuildFile; fileRef = 6D3F821826ED47FF009B408D /* TelemetryManager.swift */; };
		6DF6722827012029007CBD63 /* AppViewModel.swift in Sources */ = {isa = PBXBuildFile; fileRef = 6D49B7A226E80515006833A9 /* AppViewModel.swift */; };
		6DF672292701202C007CBD63 /* SocketManager.swift in Sources */ = {isa = PBXBuildFile; fileRef = 6DF2432C26F5F5E600DE6FE8 /* SocketManager.swift */; };
		6DF6722A2701202E007CBD63 /* BluetoothManager.swift in Sources */ = {isa = PBXBuildFile; fileRef = 6D06263026EE8C1000FCAC40 /* BluetoothManager.swift */; };
		6DF6722B27012030007CBD63 /* Database.swift in Sources */ = {isa = PBXBuildFile; fileRef = 6DAF1E5326EDEAD700DBE06A /* Database.swift */; };
		6DF6722C2701203A007CBD63 /* MapView.swift in Sources */ = {isa = PBXBuildFile; fileRef = 6D34746826E4CDBB001F1E59 /* MapView.swift */; };
		6DF6722D2701203D007CBD63 /* AttitudeView.swift in Sources */ = {isa = PBXBuildFile; fileRef = 6D04DC0426E4EAD2003783F2 /* AttitudeView.swift */; };
		6DF6722E2701203F007CBD63 /* CompassView.swift in Sources */ = {isa = PBXBuildFile; fileRef = 6D04DC0726E4EADA003783F2 /* CompassView.swift */; };
		6DF6722F27012042007CBD63 /* DisplayView.swift in Sources */ = {isa = PBXBuildFile; fileRef = 6D04DBED26E4D0AA003783F2 /* DisplayView.swift */; };
		6DF6723027012044007CBD63 /* InstrumentView.swift in Sources */ = {isa = PBXBuildFile; fileRef = 6D04DBFA26E4DC67003783F2 /* InstrumentView.swift */; };
		6DF6723127012046007CBD63 /* ConnectionView.swift in Sources */ = {isa = PBXBuildFile; fileRef = 6D04DC0A26E4EE2C003783F2 /* ConnectionView.swift */; };
		6DF672322701204D007CBD63 /* Dashboard.swift in Sources */ = {isa = PBXBuildFile; fileRef = 6D34745626E4CD39001F1E59 /* Dashboard.swift */; };
		6DF6723327012054007CBD63 /* Logbook.swift in Sources */ = {isa = PBXBuildFile; fileRef = 6D04DC0D26E4F4BD003783F2 /* Logbook.swift */; };
		6DF672342701205A007CBD63 /* MainView.swift in Sources */ = {isa = PBXBuildFile; fileRef = 6DD7D1AE26F3D46E00735EA2 /* MainView.swift */; };
		6DF67237270120A0007CBD63 /* SocketIO in Frameworks */ = {isa = PBXBuildFile; productRef = 6DF67236270120A0007CBD63 /* SocketIO */; };
		6DF672382701240C007CBD63 /* Assets.xcassets in Resources */ = {isa = PBXBuildFile; fileRef = 6D34745826E4CD3A001F1E59 /* Assets.xcassets */; };
		6DF6723A27012558007CBD63 /* MapLines.swift in Sources */ = {isa = PBXBuildFile; fileRef = 6DF6723927012558007CBD63 /* MapLines.swift */; };
		6DF6723C270125BB007CBD63 /* MapLines.swift in Sources */ = {isa = PBXBuildFile; fileRef = 6DF6723B270125BB007CBD63 /* MapLines.swift */; };
/* End PBXBuildFile section */

/* Begin PBXFileReference section */
		6D04DBED26E4D0AA003783F2 /* DisplayView.swift */ = {isa = PBXFileReference; lastKnownFileType = sourcecode.swift; path = DisplayView.swift; sourceTree = "<group>"; };
		6D04DBFA26E4DC67003783F2 /* InstrumentView.swift */ = {isa = PBXFileReference; lastKnownFileType = sourcecode.swift; path = InstrumentView.swift; sourceTree = "<group>"; };
		6D04DC0426E4EAD2003783F2 /* AttitudeView.swift */ = {isa = PBXFileReference; lastKnownFileType = sourcecode.swift; path = AttitudeView.swift; sourceTree = "<group>"; };
		6D04DC0726E4EADA003783F2 /* CompassView.swift */ = {isa = PBXFileReference; lastKnownFileType = sourcecode.swift; path = CompassView.swift; sourceTree = "<group>"; };
		6D04DC0A26E4EE2C003783F2 /* ConnectionView.swift */ = {isa = PBXFileReference; lastKnownFileType = sourcecode.swift; path = ConnectionView.swift; sourceTree = "<group>"; };
		6D04DC0D26E4F4BD003783F2 /* Logbook.swift */ = {isa = PBXFileReference; lastKnownFileType = sourcecode.swift; path = Logbook.swift; sourceTree = "<group>"; };
		6D06263026EE8C1000FCAC40 /* BluetoothManager.swift */ = {isa = PBXFileReference; lastKnownFileType = sourcecode.swift; path = BluetoothManager.swift; sourceTree = "<group>"; };
		6D34745126E4CD39001F1E59 /* iNavTelemetry.app */ = {isa = PBXFileReference; explicitFileType = wrapper.application; includeInIndex = 0; path = iNavTelemetry.app; sourceTree = BUILT_PRODUCTS_DIR; };
		6D34745426E4CD39001F1E59 /* iNavTelemetryApp.swift */ = {isa = PBXFileReference; lastKnownFileType = sourcecode.swift; path = iNavTelemetryApp.swift; sourceTree = "<group>"; };
		6D34745626E4CD39001F1E59 /* Dashboard.swift */ = {isa = PBXFileReference; lastKnownFileType = sourcecode.swift; path = Dashboard.swift; sourceTree = "<group>"; };
		6D34745826E4CD3A001F1E59 /* Assets.xcassets */ = {isa = PBXFileReference; lastKnownFileType = folder.assetcatalog; path = Assets.xcassets; sourceTree = "<group>"; };
		6D34745B26E4CD3A001F1E59 /* Preview Assets.xcassets */ = {isa = PBXFileReference; lastKnownFileType = folder.assetcatalog; path = "Preview Assets.xcassets"; sourceTree = "<group>"; };
		6D34745D26E4CD3A001F1E59 /* Info.plist */ = {isa = PBXFileReference; lastKnownFileType = text.plist.xml; path = Info.plist; sourceTree = "<group>"; };
		6D34746826E4CDBB001F1E59 /* MapView.swift */ = {isa = PBXFileReference; lastKnownFileType = sourcecode.swift; path = MapView.swift; sourceTree = "<group>"; };
		6D3F821526ED47FF009B408D /* SmartPort.swift */ = {isa = PBXFileReference; fileEncoding = 4; lastKnownFileType = sourcecode.swift; path = SmartPort.swift; sourceTree = "<group>"; };
		6D3F821626ED47FF009B408D /* Msp_v2.swift */ = {isa = PBXFileReference; fileEncoding = 4; lastKnownFileType = sourcecode.swift; path = Msp_v2.swift; sourceTree = "<group>"; };
		6D3F821726ED47FF009B408D /* Msp_v1.swift */ = {isa = PBXFileReference; fileEncoding = 4; lastKnownFileType = sourcecode.swift; path = Msp_v1.swift; sourceTree = "<group>"; };
		6D3F821826ED47FF009B408D /* TelemetryManager.swift */ = {isa = PBXFileReference; fileEncoding = 4; lastKnownFileType = sourcecode.swift; path = TelemetryManager.swift; sourceTree = "<group>"; };
		6D3F821926ED47FF009B408D /* CustomTelemetry.swift */ = {isa = PBXFileReference; fileEncoding = 4; lastKnownFileType = sourcecode.swift; path = CustomTelemetry.swift; sourceTree = "<group>"; };
		6D49B7A226E80515006833A9 /* AppViewModel.swift */ = {isa = PBXFileReference; lastKnownFileType = sourcecode.swift; path = AppViewModel.swift; sourceTree = "<group>"; };
		6D5B151C2701EB82001C40BF /* iNavTelemetry.entitlements */ = {isa = PBXFileReference; lastKnownFileType = text.plist.entitlements; path = iNavTelemetry.entitlements; sourceTree = "<group>"; };
		6D5B151D2701EC74001C40BF /* Info.plist */ = {isa = PBXFileReference; lastKnownFileType = text.plist; path = Info.plist; sourceTree = "<group>"; };
		6D5B151E2701EC9F001C40BF /* CloudStorage.swift */ = {isa = PBXFileReference; lastKnownFileType = sourcecode.swift; path = CloudStorage.swift; sourceTree = "<group>"; };
		6DAF1E5326EDEAD700DBE06A /* Database.swift */ = {isa = PBXFileReference; fileEncoding = 4; lastKnownFileType = sourcecode.swift; path = Database.swift; sourceTree = "<group>"; };
		6DBA3DCA27119B9500D79FFB /* MavLink.swift */ = {isa = PBXFileReference; lastKnownFileType = sourcecode.swift; path = MavLink.swift; sourceTree = "<group>"; };
		6DD7D1AE26F3D46E00735EA2 /* MainView.swift */ = {isa = PBXFileReference; lastKnownFileType = sourcecode.swift; path = MainView.swift; sourceTree = "<group>"; };
		6DF2432C26F5F5E600DE6FE8 /* SocketManager.swift */ = {isa = PBXFileReference; fileEncoding = 4; lastKnownFileType = sourcecode.swift; path = SocketManager.swift; sourceTree = "<group>"; };
		6DF6721427012008007CBD63 /* iNavTelemetryOSX.app */ = {isa = PBXFileReference; explicitFileType = wrapper.application; includeInIndex = 0; path = iNavTelemetryOSX.app; sourceTree = BUILT_PRODUCTS_DIR; };
		6DF6721627012008007CBD63 /* iNavTelemetryOSXApp.swift */ = {isa = PBXFileReference; lastKnownFileType = sourcecode.swift; path = iNavTelemetryOSXApp.swift; sourceTree = "<group>"; };
		6DF6721D2701200B007CBD63 /* Preview Assets.xcassets */ = {isa = PBXFileReference; lastKnownFileType = folder.assetcatalog; path = "Preview Assets.xcassets"; sourceTree = "<group>"; };
		6DF6721F2701200B007CBD63 /* iNavTelemetryOSX.entitlements */ = {isa = PBXFileReference; lastKnownFileType = text.plist.entitlements; path = iNavTelemetryOSX.entitlements; sourceTree = "<group>"; };
		6DF6723927012558007CBD63 /* MapLines.swift */ = {isa = PBXFileReference; lastKnownFileType = sourcecode.swift; path = MapLines.swift; sourceTree = "<group>"; };
		6DF6723B270125BB007CBD63 /* MapLines.swift */ = {isa = PBXFileReference; lastKnownFileType = sourcecode.swift; path = MapLines.swift; sourceTree = "<group>"; };
/* End PBXFileReference section */

/* Begin PBXFrameworksBuildPhase section */
		6D34744E26E4CD39001F1E59 /* Frameworks */ = {
			isa = PBXFrameworksBuildPhase;
			buildActionMask = 2147483647;
			files = (
				6DF2433126F5F64600DE6FE8 /* SocketIO in Frameworks */,
			);
			runOnlyForDeploymentPostprocessing = 0;
		};
		6DF6721127012008007CBD63 /* Frameworks */ = {
			isa = PBXFrameworksBuildPhase;
			buildActionMask = 2147483647;
			files = (
				6DF67237270120A0007CBD63 /* SocketIO in Frameworks */,
			);
			runOnlyForDeploymentPostprocessing = 0;
		};
/* End PBXFrameworksBuildPhase section */

/* Begin PBXGroup section */
		6D34744826E4CD39001F1E59 = {
			isa = PBXGroup;
			children = (
				6D34745326E4CD39001F1E59 /* iNavTelemetry */,
				6DF6721527012008007CBD63 /* iNavTelemetryOSX */,
				6D34745226E4CD39001F1E59 /* Products */,
				6DF67235270120A0007CBD63 /* Frameworks */,
			);
			sourceTree = "<group>";
		};
		6D34745226E4CD39001F1E59 /* Products */ = {
			isa = PBXGroup;
			children = (
				6D34745126E4CD39001F1E59 /* iNavTelemetry.app */,
				6DF6721427012008007CBD63 /* iNavTelemetryOSX.app */,
			);
			name = Products;
			sourceTree = "<group>";
		};
		6D34745326E4CD39001F1E59 /* iNavTelemetry */ = {
			isa = PBXGroup;
			children = (
				6DF1F27526E5F5FE00DCACA4 /* Framework */,
				6D34746626E4CDA6001F1E59 /* Views */,
				6D34745626E4CD39001F1E59 /* Dashboard.swift */,
				6D04DC0D26E4F4BD003783F2 /* Logbook.swift */,
				6DD7D1AE26F3D46E00735EA2 /* MainView.swift */,
				6D34745426E4CD39001F1E59 /* iNavTelemetryApp.swift */,
				6D34745826E4CD3A001F1E59 /* Assets.xcassets */,
				6D5B151C2701EB82001C40BF /* iNavTelemetry.entitlements */,
				6D34745D26E4CD3A001F1E59 /* Info.plist */,
				6D34745A26E4CD3A001F1E59 /* Preview Content */,
			);
			path = iNavTelemetry;
			sourceTree = "<group>";
		};
		6D34745A26E4CD3A001F1E59 /* Preview Content */ = {
			isa = PBXGroup;
			children = (
				6D34745B26E4CD3A001F1E59 /* Preview Assets.xcassets */,
			);
			path = "Preview Content";
			sourceTree = "<group>";
		};
		6D34746626E4CDA6001F1E59 /* Views */ = {
			isa = PBXGroup;
			children = (
				6D34746826E4CDBB001F1E59 /* MapView.swift */,
				6DF6723927012558007CBD63 /* MapLines.swift */,
				6D04DC0426E4EAD2003783F2 /* AttitudeView.swift */,
				6D04DC0726E4EADA003783F2 /* CompassView.swift */,
				6D04DBED26E4D0AA003783F2 /* DisplayView.swift */,
				6D04DBFA26E4DC67003783F2 /* InstrumentView.swift */,
				6D04DC0A26E4EE2C003783F2 /* ConnectionView.swift */,
			);
			path = Views;
			sourceTree = "<group>";
		};
		6D3F821426ED47FF009B408D /* TelemetryManager */ = {
			isa = PBXGroup;
			children = (
				6DAF1E5726EDF57400DBE06A /* Protocols */,
				6D3F821826ED47FF009B408D /* TelemetryManager.swift */,
			);
			path = TelemetryManager;
			sourceTree = "<group>";
		};
		6DAF1E5726EDF57400DBE06A /* Protocols */ = {
			isa = PBXGroup;
			children = (
				6D3F821526ED47FF009B408D /* SmartPort.swift */,
				6DBA3DCA27119B9500D79FFB /* MavLink.swift */,
				6D3F821626ED47FF009B408D /* Msp_v2.swift */,
				6D3F821726ED47FF009B408D /* Msp_v1.swift */,
				6D3F821926ED47FF009B408D /* CustomTelemetry.swift */,
			);
			path = Protocols;
			sourceTree = "<group>";
		};
		6DF1F27526E5F5FE00DCACA4 /* Framework */ = {
			isa = PBXGroup;
			children = (
				6D3F821426ED47FF009B408D /* TelemetryManager */,
				6D49B7A226E80515006833A9 /* AppViewModel.swift */,
				6DF2432C26F5F5E600DE6FE8 /* SocketManager.swift */,
				6D06263026EE8C1000FCAC40 /* BluetoothManager.swift */,
				6DAF1E5326EDEAD700DBE06A /* Database.swift */,
				6D5B151E2701EC9F001C40BF /* CloudStorage.swift */,
			);
			path = Framework;
			sourceTree = "<group>";
		};
		6DF6721527012008007CBD63 /* iNavTelemetryOSX */ = {
			isa = PBXGroup;
			children = (
				6D5B151D2701EC74001C40BF /* Info.plist */,
				6DF6721627012008007CBD63 /* iNavTelemetryOSXApp.swift */,
				6DF6723B270125BB007CBD63 /* MapLines.swift */,
				6DF6721F2701200B007CBD63 /* iNavTelemetryOSX.entitlements */,
				6DF6721C2701200B007CBD63 /* Preview Content */,
			);
			path = iNavTelemetryOSX;
			sourceTree = "<group>";
		};
		6DF6721C2701200B007CBD63 /* Preview Content */ = {
			isa = PBXGroup;
			children = (
				6DF6721D2701200B007CBD63 /* Preview Assets.xcassets */,
			);
			path = "Preview Content";
			sourceTree = "<group>";
		};
		6DF67235270120A0007CBD63 /* Frameworks */ = {
			isa = PBXGroup;
			children = (
			);
			name = Frameworks;
			sourceTree = "<group>";
		};
/* End PBXGroup section */

/* Begin PBXNativeTarget section */
		6D34745026E4CD39001F1E59 /* iNavTelemetry */ = {
			isa = PBXNativeTarget;
			buildConfigurationList = 6D34746026E4CD3A001F1E59 /* Build configuration list for PBXNativeTarget "iNavTelemetry" */;
			buildPhases = (
				6D34744D26E4CD39001F1E59 /* Sources */,
				6D34744E26E4CD39001F1E59 /* Frameworks */,
				6D34744F26E4CD39001F1E59 /* Resources */,
			);
			buildRules = (
			);
			dependencies = (
			);
			name = iNavTelemetry;
			packageProductDependencies = (
				6DF2433026F5F64600DE6FE8 /* SocketIO */,
			);
			productName = iNavTelemetry;
			productReference = 6D34745126E4CD39001F1E59 /* iNavTelemetry.app */;
			productType = "com.apple.product-type.application";
		};
		6DF6721327012008007CBD63 /* iNavTelemetryOSX */ = {
			isa = PBXNativeTarget;
			buildConfigurationList = 6DF672222701200B007CBD63 /* Build configuration list for PBXNativeTarget "iNavTelemetryOSX" */;
			buildPhases = (
				6DF6721027012008007CBD63 /* Sources */,
				6DF6721127012008007CBD63 /* Frameworks */,
				6DF6721227012008007CBD63 /* Resources */,
			);
			buildRules = (
			);
			dependencies = (
			);
			name = iNavTelemetryOSX;
			packageProductDependencies = (
				6DF67236270120A0007CBD63 /* SocketIO */,
			);
			productName = iNavTelemetryOSX;
			productReference = 6DF6721427012008007CBD63 /* iNavTelemetryOSX.app */;
			productType = "com.apple.product-type.application";
		};
/* End PBXNativeTarget section */

/* Begin PBXProject section */
		6D34744926E4CD39001F1E59 /* Project object */ = {
			isa = PBXProject;
			attributes = {
				LastSwiftUpdateCheck = 1300;
				LastUpgradeCheck = 1240;
				TargetAttributes = {
					6D34745026E4CD39001F1E59 = {
						CreatedOnToolsVersion = 12.4;
					};
					6DF6721327012008007CBD63 = {
						CreatedOnToolsVersion = 13.0;
					};
				};
			};
			buildConfigurationList = 6D34744C26E4CD39001F1E59 /* Build configuration list for PBXProject "iNavTelemetry" */;
			compatibilityVersion = "Xcode 9.3";
			developmentRegion = en;
			hasScannedForEncodings = 0;
			knownRegions = (
				en,
				Base,
			);
			mainGroup = 6D34744826E4CD39001F1E59;
			packageReferences = (
				6DF2432F26F5F64600DE6FE8 /* XCRemoteSwiftPackageReference "socket" */,
			);
			productRefGroup = 6D34745226E4CD39001F1E59 /* Products */;
			projectDirPath = "";
			projectRoot = "";
			targets = (
				6D34745026E4CD39001F1E59 /* iNavTelemetry */,
				6DF6721327012008007CBD63 /* iNavTelemetryOSX */,
			);
		};
/* End PBXProject section */

/* Begin PBXResourcesBuildPhase section */
		6D34744F26E4CD39001F1E59 /* Resources */ = {
			isa = PBXResourcesBuildPhase;
			buildActionMask = 2147483647;
			files = (
				6D34745C26E4CD3A001F1E59 /* Preview Assets.xcassets in Resources */,
				6D34745926E4CD3A001F1E59 /* Assets.xcassets in Resources */,
			);
			runOnlyForDeploymentPostprocessing = 0;
		};
		6DF6721227012008007CBD63 /* Resources */ = {
			isa = PBXResourcesBuildPhase;
			buildActionMask = 2147483647;
			files = (
				6DF6721E2701200B007CBD63 /* Preview Assets.xcassets in Resources */,
				6DF672382701240C007CBD63 /* Assets.xcassets in Resources */,
			);
			runOnlyForDeploymentPostprocessing = 0;
		};
/* End PBXResourcesBuildPhase section */

/* Begin PBXSourcesBuildPhase section */
		6D34744D26E4CD39001F1E59 /* Sources */ = {
			isa = PBXSourcesBuildPhase;
			buildActionMask = 2147483647;
			files = (
				6D04DC0826E4EADA003783F2 /* CompassView.swift in Sources */,
				6D3F821E26ED47FF009B408D /* CustomTelemetry.swift in Sources */,
				6DF6723A27012558007CBD63 /* MapLines.swift in Sources */,
				6D34745726E4CD39001F1E59 /* Dashboard.swift in Sources */,
				6D06263126EE8C1000FCAC40 /* BluetoothManager.swift in Sources */,
				6DF2432D26F5F5E600DE6FE8 /* SocketManager.swift in Sources */,
				6DD7D1AF26F3D46E00735EA2 /* MainView.swift in Sources */,
				6D04DC0B26E4EE2C003783F2 /* ConnectionView.swift in Sources */,
				6D49B7A326E80515006833A9 /* AppViewModel.swift in Sources */,
				6DAF1E5426EDEAD700DBE06A /* Database.swift in Sources */,
				6DBA3DCB27119B9500D79FFB /* MavLink.swift in Sources */,
				6D3F821D26ED47FF009B408D /* TelemetryManager.swift in Sources */,
				6D04DBEE26E4D0AA003783F2 /* DisplayView.swift in Sources */,
				6D3F821A26ED47FF009B408D /* SmartPort.swift in Sources */,
				6D04DC0E26E4F4BD003783F2 /* Logbook.swift in Sources */,
				6D04DC0526E4EAD2003783F2 /* AttitudeView.swift in Sources */,
				6D04DBFB26E4DC67003783F2 /* InstrumentView.swift in Sources */,
				6D34746926E4CDBB001F1E59 /* MapView.swift in Sources */,
				6D3F821C26ED47FF009B408D /* Msp_v1.swift in Sources */,
				6D5B151F2701EC9F001C40BF /* CloudStorage.swift in Sources */,
				6D3F821B26ED47FF009B408D /* Msp_v2.swift in Sources */,
				6D34745526E4CD39001F1E59 /* iNavTelemetryApp.swift in Sources */,
			);
			runOnlyForDeploymentPostprocessing = 0;
		};
		6DF6721027012008007CBD63 /* Sources */ = {
			isa = PBXSourcesBuildPhase;
			buildActionMask = 2147483647;
			files = (
				6DF672232701201E007CBD63 /* SmartPort.swift in Sources */,
				6DF6723327012054007CBD63 /* Logbook.swift in Sources */,
				6DF6723C270125BB007CBD63 /* MapLines.swift in Sources */,
				6DF6722C2701203A007CBD63 /* MapView.swift in Sources */,
				6DF6722B27012030007CBD63 /* Database.swift in Sources */,
				6DF6723027012044007CBD63 /* InstrumentView.swift in Sources */,
				6DF672322701204D007CBD63 /* Dashboard.swift in Sources */,
				6DF6722F27012042007CBD63 /* DisplayView.swift in Sources */,
				6DF6722727012027007CBD63 /* TelemetryManager.swift in Sources */,
				6DF6723127012046007CBD63 /* ConnectionView.swift in Sources */,
				6DBA3DCC2711C3DF00D79FFB /* MavLink.swift in Sources */,
				6DF6722827012029007CBD63 /* AppViewModel.swift in Sources */,
				6DF6722A2701202E007CBD63 /* BluetoothManager.swift in Sources */,
				6DF6722E2701203F007CBD63 /* CompassView.swift in Sources */,
				6DF672342701205A007CBD63 /* MainView.swift in Sources */,
				6DF6722627012025007CBD63 /* CustomTelemetry.swift in Sources */,
				6DF6722527012023007CBD63 /* Msp_v1.swift in Sources */,
				6DF6722427012021007CBD63 /* Msp_v2.swift in Sources */,
				6DF6722D2701203D007CBD63 /* AttitudeView.swift in Sources */,
				6D5B15202701EC9F001C40BF /* CloudStorage.swift in Sources */,
				6DF672292701202C007CBD63 /* SocketManager.swift in Sources */,
				6DF6721727012008007CBD63 /* iNavTelemetryOSXApp.swift in Sources */,
			);
			runOnlyForDeploymentPostprocessing = 0;
		};
/* End PBXSourcesBuildPhase section */

/* Begin XCBuildConfiguration section */
		6D34745E26E4CD3A001F1E59 /* Debug */ = {
			isa = XCBuildConfiguration;
			buildSettings = {
				ALWAYS_SEARCH_USER_PATHS = NO;
				CLANG_ANALYZER_NONNULL = YES;
				CLANG_ANALYZER_NUMBER_OBJECT_CONVERSION = YES_AGGRESSIVE;
				CLANG_CXX_LANGUAGE_STANDARD = "gnu++14";
				CLANG_CXX_LIBRARY = "libc++";
				CLANG_ENABLE_MODULES = YES;
				CLANG_ENABLE_OBJC_ARC = YES;
				CLANG_ENABLE_OBJC_WEAK = YES;
				CLANG_WARN_BLOCK_CAPTURE_AUTORELEASING = YES;
				CLANG_WARN_BOOL_CONVERSION = YES;
				CLANG_WARN_COMMA = YES;
				CLANG_WARN_CONSTANT_CONVERSION = YES;
				CLANG_WARN_DEPRECATED_OBJC_IMPLEMENTATIONS = YES;
				CLANG_WARN_DIRECT_OBJC_ISA_USAGE = YES_ERROR;
				CLANG_WARN_DOCUMENTATION_COMMENTS = YES;
				CLANG_WARN_EMPTY_BODY = YES;
				CLANG_WARN_ENUM_CONVERSION = YES;
				CLANG_WARN_INFINITE_RECURSION = YES;
				CLANG_WARN_INT_CONVERSION = YES;
				CLANG_WARN_NON_LITERAL_NULL_CONVERSION = YES;
				CLANG_WARN_OBJC_IMPLICIT_RETAIN_SELF = YES;
				CLANG_WARN_OBJC_LITERAL_CONVERSION = YES;
				CLANG_WARN_OBJC_ROOT_CLASS = YES_ERROR;
				CLANG_WARN_QUOTED_INCLUDE_IN_FRAMEWORK_HEADER = YES;
				CLANG_WARN_RANGE_LOOP_ANALYSIS = YES;
				CLANG_WARN_STRICT_PROTOTYPES = YES;
				CLANG_WARN_SUSPICIOUS_MOVE = YES;
				CLANG_WARN_UNGUARDED_AVAILABILITY = YES_AGGRESSIVE;
				CLANG_WARN_UNREACHABLE_CODE = YES;
				CLANG_WARN__DUPLICATE_METHOD_MATCH = YES;
				COPY_PHASE_STRIP = NO;
				DEBUG_INFORMATION_FORMAT = dwarf;
				ENABLE_STRICT_OBJC_MSGSEND = YES;
				ENABLE_TESTABILITY = YES;
				GCC_C_LANGUAGE_STANDARD = gnu11;
				GCC_DYNAMIC_NO_PIC = NO;
				GCC_NO_COMMON_BLOCKS = YES;
				GCC_OPTIMIZATION_LEVEL = 0;
				GCC_PREPROCESSOR_DEFINITIONS = (
					"DEBUG=1",
					"$(inherited)",
				);
				GCC_WARN_64_TO_32_BIT_CONVERSION = YES;
				GCC_WARN_ABOUT_RETURN_TYPE = YES_ERROR;
				GCC_WARN_UNDECLARED_SELECTOR = YES;
				GCC_WARN_UNINITIALIZED_AUTOS = YES_AGGRESSIVE;
				GCC_WARN_UNUSED_FUNCTION = YES;
				GCC_WARN_UNUSED_VARIABLE = YES;
				IPHONEOS_DEPLOYMENT_TARGET = 14.4;
				MTL_ENABLE_DEBUG_INFO = INCLUDE_SOURCE;
				MTL_FAST_MATH = YES;
				ONLY_ACTIVE_ARCH = YES;
				SDKROOT = iphoneos;
				SWIFT_ACTIVE_COMPILATION_CONDITIONS = DEBUG;
				SWIFT_OPTIMIZATION_LEVEL = "-Onone";
			};
			name = Debug;
		};
		6D34745F26E4CD3A001F1E59 /* Release */ = {
			isa = XCBuildConfiguration;
			buildSettings = {
				ALWAYS_SEARCH_USER_PATHS = NO;
				CLANG_ANALYZER_NONNULL = YES;
				CLANG_ANALYZER_NUMBER_OBJECT_CONVERSION = YES_AGGRESSIVE;
				CLANG_CXX_LANGUAGE_STANDARD = "gnu++14";
				CLANG_CXX_LIBRARY = "libc++";
				CLANG_ENABLE_MODULES = YES;
				CLANG_ENABLE_OBJC_ARC = YES;
				CLANG_ENABLE_OBJC_WEAK = YES;
				CLANG_WARN_BLOCK_CAPTURE_AUTORELEASING = YES;
				CLANG_WARN_BOOL_CONVERSION = YES;
				CLANG_WARN_COMMA = YES;
				CLANG_WARN_CONSTANT_CONVERSION = YES;
				CLANG_WARN_DEPRECATED_OBJC_IMPLEMENTATIONS = YES;
				CLANG_WARN_DIRECT_OBJC_ISA_USAGE = YES_ERROR;
				CLANG_WARN_DOCUMENTATION_COMMENTS = YES;
				CLANG_WARN_EMPTY_BODY = YES;
				CLANG_WARN_ENUM_CONVERSION = YES;
				CLANG_WARN_INFINITE_RECURSION = YES;
				CLANG_WARN_INT_CONVERSION = YES;
				CLANG_WARN_NON_LITERAL_NULL_CONVERSION = YES;
				CLANG_WARN_OBJC_IMPLICIT_RETAIN_SELF = YES;
				CLANG_WARN_OBJC_LITERAL_CONVERSION = YES;
				CLANG_WARN_OBJC_ROOT_CLASS = YES_ERROR;
				CLANG_WARN_QUOTED_INCLUDE_IN_FRAMEWORK_HEADER = YES;
				CLANG_WARN_RANGE_LOOP_ANALYSIS = YES;
				CLANG_WARN_STRICT_PROTOTYPES = YES;
				CLANG_WARN_SUSPICIOUS_MOVE = YES;
				CLANG_WARN_UNGUARDED_AVAILABILITY = YES_AGGRESSIVE;
				CLANG_WARN_UNREACHABLE_CODE = YES;
				CLANG_WARN__DUPLICATE_METHOD_MATCH = YES;
				COPY_PHASE_STRIP = NO;
				DEBUG_INFORMATION_FORMAT = "dwarf-with-dsym";
				ENABLE_NS_ASSERTIONS = NO;
				ENABLE_STRICT_OBJC_MSGSEND = YES;
				GCC_C_LANGUAGE_STANDARD = gnu11;
				GCC_NO_COMMON_BLOCKS = YES;
				GCC_WARN_64_TO_32_BIT_CONVERSION = YES;
				GCC_WARN_ABOUT_RETURN_TYPE = YES_ERROR;
				GCC_WARN_UNDECLARED_SELECTOR = YES;
				GCC_WARN_UNINITIALIZED_AUTOS = YES_AGGRESSIVE;
				GCC_WARN_UNUSED_FUNCTION = YES;
				GCC_WARN_UNUSED_VARIABLE = YES;
				IPHONEOS_DEPLOYMENT_TARGET = 14.4;
				MTL_ENABLE_DEBUG_INFO = NO;
				MTL_FAST_MATH = YES;
				SDKROOT = iphoneos;
				SWIFT_COMPILATION_MODE = wholemodule;
				SWIFT_OPTIMIZATION_LEVEL = "-O";
				VALIDATE_PRODUCT = YES;
			};
			name = Release;
		};
		6D34746126E4CD3A001F1E59 /* Debug */ = {
			isa = XCBuildConfiguration;
			buildSettings = {
				ASSETCATALOG_COMPILER_APPICON_NAME = AppIcon;
				ASSETCATALOG_COMPILER_GLOBAL_ACCENT_COLOR_NAME = AccentColor;
				CODE_SIGN_ENTITLEMENTS = iNavTelemetry/iNavTelemetry.entitlements;
				CODE_SIGN_STYLE = Automatic;
				CURRENT_PROJECT_VERSION = 2;
				DEVELOPMENT_ASSET_PATHS = "\"iNavTelemetry/Preview Content\"";
				DEVELOPMENT_TEAM = RXDLA8Y5J4;
				ENABLE_PREVIEWS = YES;
				INFOPLIST_FILE = iNavTelemetry/Info.plist;
				IPHONEOS_DEPLOYMENT_TARGET = 14.0;
				LD_RUNPATH_SEARCH_PATHS = (
					"$(inherited)",
					"@executable_path/Frameworks",
				);
				MARKETING_VERSION = 2.0.2;
				PRODUCT_BUNDLE_IDENTIFIER = us.g6.iNavTelemetry;
				PRODUCT_NAME = "$(TARGET_NAME)";
				SWIFT_VERSION = 5.0;
				TARGETED_DEVICE_FAMILY = "1,2";
			};
			name = Debug;
		};
		6D34746226E4CD3A001F1E59 /* Release */ = {
			isa = XCBuildConfiguration;
			buildSettings = {
				ASSETCATALOG_COMPILER_APPICON_NAME = AppIcon;
				ASSETCATALOG_COMPILER_GLOBAL_ACCENT_COLOR_NAME = AccentColor;
				CODE_SIGN_ENTITLEMENTS = iNavTelemetry/iNavTelemetry.entitlements;
				CODE_SIGN_STYLE = Automatic;
				CURRENT_PROJECT_VERSION = 2;
				DEVELOPMENT_ASSET_PATHS = "\"iNavTelemetry/Preview Content\"";
				DEVELOPMENT_TEAM = RXDLA8Y5J4;
				ENABLE_PREVIEWS = YES;
				INFOPLIST_FILE = iNavTelemetry/Info.plist;
				IPHONEOS_DEPLOYMENT_TARGET = 14.0;
				LD_RUNPATH_SEARCH_PATHS = (
					"$(inherited)",
					"@executable_path/Frameworks",
				);
				MARKETING_VERSION = 2.0.2;
				PRODUCT_BUNDLE_IDENTIFIER = us.g6.iNavTelemetry;
				PRODUCT_NAME = "$(TARGET_NAME)";
				SWIFT_VERSION = 5.0;
				TARGETED_DEVICE_FAMILY = "1,2";
			};
			name = Release;
		};
		6DF672202701200B007CBD63 /* Debug */ = {
			isa = XCBuildConfiguration;
			buildSettings = {
				ASSETCATALOG_COMPILER_APPICON_NAME = AppIcon;
				ASSETCATALOG_COMPILER_GLOBAL_ACCENT_COLOR_NAME = AccentColor;
				CLANG_CXX_LANGUAGE_STANDARD = "gnu++17";
				CODE_SIGN_ENTITLEMENTS = iNavTelemetryOSX/iNavTelemetryOSX.entitlements;
				CODE_SIGN_STYLE = Automatic;
				COMBINE_HIDPI_IMAGES = YES;
				CURRENT_PROJECT_VERSION = 1;
				DEVELOPMENT_ASSET_PATHS = "\"iNavTelemetryOSX/Preview Content\"";
				DEVELOPMENT_TEAM = RXDLA8Y5J4;
				ENABLE_HARDENED_RUNTIME = YES;
				ENABLE_PREVIEWS = YES;
				GENERATE_INFOPLIST_FILE = YES;
				INFOPLIST_FILE = iNavTelemetryOSX/Info.plist;
				INFOPLIST_KEY_LSApplicationCategoryType = "public.app-category.utilities";
				INFOPLIST_KEY_NSBluetoothAlwaysUsageDescription = "To connect with device";
				INFOPLIST_KEY_NSHumanReadableCopyright = "";
				LD_RUNPATH_SEARCH_PATHS = (
					"$(inherited)",
					"@executable_path/../Frameworks",
				);
				MACOSX_DEPLOYMENT_TARGET = 11.3;
				MARKETING_VERSION = 1.0.0;
				PRODUCT_BUNDLE_IDENTIFIER = us.g6.iNavTelemetry;
				PRODUCT_NAME = "$(TARGET_NAME)";
				SDKROOT = macosx;
				SWIFT_EMIT_LOC_STRINGS = YES;
				SWIFT_VERSION = 5.0;
			};
			name = Debug;
		};
		6DF672212701200B007CBD63 /* Release */ = {
			isa = XCBuildConfiguration;
			buildSettings = {
				ASSETCATALOG_COMPILER_APPICON_NAME = AppIcon;
				ASSETCATALOG_COMPILER_GLOBAL_ACCENT_COLOR_NAME = AccentColor;
				CLANG_CXX_LANGUAGE_STANDARD = "gnu++17";
				CODE_SIGN_ENTITLEMENTS = iNavTelemetryOSX/iNavTelemetryOSX.entitlements;
				CODE_SIGN_STYLE = Automatic;
				COMBINE_HIDPI_IMAGES = YES;
				CURRENT_PROJECT_VERSION = 1;
				DEVELOPMENT_ASSET_PATHS = "\"iNavTelemetryOSX/Preview Content\"";
				DEVELOPMENT_TEAM = RXDLA8Y5J4;
				ENABLE_HARDENED_RUNTIME = YES;
				ENABLE_PREVIEWS = YES;
				GENERATE_INFOPLIST_FILE = YES;
				INFOPLIST_FILE = iNavTelemetryOSX/Info.plist;
				INFOPLIST_KEY_LSApplicationCategoryType = "public.app-category.utilities";
				INFOPLIST_KEY_NSBluetoothAlwaysUsageDescription = "To connect with device";
				INFOPLIST_KEY_NSHumanReadableCopyright = "";
				LD_RUNPATH_SEARCH_PATHS = (
					"$(inherited)",
					"@executable_path/../Frameworks",
				);
				MACOSX_DEPLOYMENT_TARGET = 11.3;
				MARKETING_VERSION = 1.0.0;
				PRODUCT_BUNDLE_IDENTIFIER = us.g6.iNavTelemetry;
				PRODUCT_NAME = "$(TARGET_NAME)";
				SDKROOT = macosx;
				SWIFT_EMIT_LOC_STRINGS = YES;
				SWIFT_VERSION = 5.0;
			};
			name = Release;
		};
/* End XCBuildConfiguration section */

/* Begin XCConfigurationList section */
		6D34744C26E4CD39001F1E59 /* Build configuration list for PBXProject "iNavTelemetry" */ = {
			isa = XCConfigurationList;
			buildConfigurations = (
				6D34745E26E4CD3A001F1E59 /* Debug */,
				6D34745F26E4CD3A001F1E59 /* Release */,
			);
			defaultConfigurationIsVisible = 0;
			defaultConfigurationName = Release;
		};
		6D34746026E4CD3A001F1E59 /* Build configuration list for PBXNativeTarget "iNavTelemetry" */ = {
			isa = XCConfigurationList;
			buildConfigurations = (
				6D34746126E4CD3A001F1E59 /* Debug */,
				6D34746226E4CD3A001F1E59 /* Release */,
			);
			defaultConfigurationIsVisible = 0;
			defaultConfigurationName = Release;
		};
		6DF672222701200B007CBD63 /* Build configuration list for PBXNativeTarget "iNavTelemetryOSX" */ = {
			isa = XCConfigurationList;
			buildConfigurations = (
				6DF672202701200B007CBD63 /* Debug */,
				6DF672212701200B007CBD63 /* Release */,
			);
			defaultConfigurationIsVisible = 0;
			defaultConfigurationName = Release;
		};
/* End XCConfigurationList section */

/* Begin XCRemoteSwiftPackageReference section */
		6DF2432F26F5F64600DE6FE8 /* XCRemoteSwiftPackageReference "socket" */ = {
			isa = XCRemoteSwiftPackageReference;
			repositoryURL = "https://github.com/socketio/socket.io-client-swift";
			requirement = {
				kind = upToNextMajorVersion;
				minimumVersion = 16.0.1;
			};
		};
/* End XCRemoteSwiftPackageReference section */

/* Begin XCSwiftPackageProductDependency section */
		6DF2433026F5F64600DE6FE8 /* SocketIO */ = {
			isa = XCSwiftPackageProductDependency;
			package = 6DF2432F26F5F64600DE6FE8 /* XCRemoteSwiftPackageReference "socket" */;
			productName = SocketIO;
		};
		6DF67236270120A0007CBD63 /* SocketIO */ = {
			isa = XCSwiftPackageProductDependency;
			package = 6DF2432F26F5F64600DE6FE8 /* XCRemoteSwiftPackageReference "socket" */;
			productName = SocketIO;
		};
/* End XCSwiftPackageProductDependency section */
	};
	rootObject = 6D34744926E4CD39001F1E59 /* Project object */;
}
