// !$*UTF8*$!
{
	archiveVersion = 1;
	classes = {
	};
	objectVersion = 52;
	objects = {

/* Begin PBXBuildFile section */
		6DFDD0D8247FFFB5009F382A /* AppDelegate.swift in Sources */ = {isa = PBXBuildFile; fileRef = 6DFDD0D7247FFFB5009F382A /* AppDelegate.swift */; };
		6DFDD0DA247FFFB5009F382A /* SceneDelegate.swift in Sources */ = {isa = PBXBuildFile; fileRef = 6DFDD0D9247FFFB5009F382A /* SceneDelegate.swift */; };
		6DFDD0DC247FFFB5009F382A /* ViewController.swift in Sources */ = {isa = PBXBuildFile; fileRef = 6DFDD0DB247FFFB5009F382A /* ViewController.swift */; };
		6DFDD0DF247FFFB5009F382A /* Main.storyboard in Resources */ = {isa = PBXBuildFile; fileRef = 6DFDD0DD247FFFB5009F382A /* Main.storyboard */; };
		6DFDD0E1247FFFB6009F382A /* Assets.xcassets in Resources */ = {isa = PBXBuildFile; fileRef = 6DFDD0E0247FFFB6009F382A /* Assets.xcassets */; };
		6DFDD0E4247FFFB6009F382A /* LaunchScreen.storyboard in Resources */ = {isa = PBXBuildFile; fileRef = 6DFDD0E2247FFFB6009F382A /* LaunchScreen.storyboard */; };
		6DFDD0EC24800003009F382A /* LocationPointAnnotation.swift in Sources */ = {isa = PBXBuildFile; fileRef = 6DFDD0EB24800003009F382A /* LocationPointAnnotation.swift */; };
		6DFDD0EF2480066F009F382A /* MBProgressHUD in Frameworks */ = {isa = PBXBuildFile; productRef = 6DFDD0EE2480066F009F382A /* MBProgressHUD */; };
		6DFDD0F22480067D009F382A /* Toast in Frameworks */ = {isa = PBXBuildFile; productRef = 6DFDD0F12480067D009F382A /* Toast */; };
/* End PBXBuildFile section */

/* Begin PBXFileReference section */
		6DFDD0D4247FFFB5009F382A /* iNavTelemetry.app */ = {isa = PBXFileReference; explicitFileType = wrapper.application; includeInIndex = 0; path = iNavTelemetry.app; sourceTree = BUILT_PRODUCTS_DIR; };
		6DFDD0D7247FFFB5009F382A /* AppDelegate.swift */ = {isa = PBXFileReference; lastKnownFileType = sourcecode.swift; path = AppDelegate.swift; sourceTree = "<group>"; };
		6DFDD0D9247FFFB5009F382A /* SceneDelegate.swift */ = {isa = PBXFileReference; lastKnownFileType = sourcecode.swift; path = SceneDelegate.swift; sourceTree = "<group>"; };
		6DFDD0DB247FFFB5009F382A /* ViewController.swift */ = {isa = PBXFileReference; lastKnownFileType = sourcecode.swift; path = ViewController.swift; sourceTree = "<group>"; };
		6DFDD0DE247FFFB5009F382A /* Base */ = {isa = PBXFileReference; lastKnownFileType = file.storyboard; name = Base; path = Base.lproj/Main.storyboard; sourceTree = "<group>"; };
		6DFDD0E0247FFFB6009F382A /* Assets.xcassets */ = {isa = PBXFileReference; lastKnownFileType = folder.assetcatalog; path = Assets.xcassets; sourceTree = "<group>"; };
		6DFDD0E3247FFFB6009F382A /* Base */ = {isa = PBXFileReference; lastKnownFileType = file.storyboard; name = Base; path = Base.lproj/LaunchScreen.storyboard; sourceTree = "<group>"; };
		6DFDD0E5247FFFB6009F382A /* Info.plist */ = {isa = PBXFileReference; lastKnownFileType = text.plist.xml; path = Info.plist; sourceTree = "<group>"; };
		6DFDD0EB24800003009F382A /* LocationPointAnnotation.swift */ = {isa = PBXFileReference; fileEncoding = 4; lastKnownFileType = sourcecode.swift; path = LocationPointAnnotation.swift; sourceTree = "<group>"; };
/* End PBXFileReference section */

/* Begin PBXFrameworksBuildPhase section */
		6DFDD0D1247FFFB5009F382A /* Frameworks */ = {
			isa = PBXFrameworksBuildPhase;
			buildActionMask = 2147483647;
			files = (
				6DFDD0F22480067D009F382A /* Toast in Frameworks */,
				6DFDD0EF2480066F009F382A /* MBProgressHUD in Frameworks */,
			);
			runOnlyForDeploymentPostprocessing = 0;
		};
/* End PBXFrameworksBuildPhase section */

/* Begin PBXGroup section */
		6DFDD0CB247FFFB5009F382A = {
			isa = PBXGroup;
			children = (
				6DFDD0D6247FFFB5009F382A /* iNavTelemetry */,
				6DFDD0D5247FFFB5009F382A /* Products */,
			);
			sourceTree = "<group>";
		};
		6DFDD0D5247FFFB5009F382A /* Products */ = {
			isa = PBXGroup;
			children = (
				6DFDD0D4247FFFB5009F382A /* iNavTelemetry.app */,
			);
			name = Products;
			sourceTree = "<group>";
		};
		6DFDD0D6247FFFB5009F382A /* iNavTelemetry */ = {
			isa = PBXGroup;
			children = (
				6DFDD0EB24800003009F382A /* LocationPointAnnotation.swift */,
				6DFDD0DB247FFFB5009F382A /* ViewController.swift */,
				6DFDD0D7247FFFB5009F382A /* AppDelegate.swift */,
				6DFDD0D9247FFFB5009F382A /* SceneDelegate.swift */,
				6DFDD0DD247FFFB5009F382A /* Main.storyboard */,
				6DFDD0E0247FFFB6009F382A /* Assets.xcassets */,
				6DFDD0E2247FFFB6009F382A /* LaunchScreen.storyboard */,
				6DFDD0E5247FFFB6009F382A /* Info.plist */,
			);
			path = iNavTelemetry;
			sourceTree = "<group>";
		};
/* End PBXGroup section */

/* Begin PBXNativeTarget section */
		6DFDD0D3247FFFB5009F382A /* iNavTelemetry */ = {
			isa = PBXNativeTarget;
			buildConfigurationList = 6DFDD0E8247FFFB6009F382A /* Build configuration list for PBXNativeTarget "iNavTelemetry" */;
			buildPhases = (
				6DFDD0D0247FFFB5009F382A /* Sources */,
				6DFDD0D1247FFFB5009F382A /* Frameworks */,
				6DFDD0D2247FFFB5009F382A /* Resources */,
			);
			buildRules = (
			);
			dependencies = (
			);
			name = iNavTelemetry;
			packageProductDependencies = (
				6DFDD0EE2480066F009F382A /* MBProgressHUD */,
				6DFDD0F12480067D009F382A /* Toast */,
			);
			productName = iNavTelemetry;
			productReference = 6DFDD0D4247FFFB5009F382A /* iNavTelemetry.app */;
			productType = "com.apple.product-type.application";
		};
/* End PBXNativeTarget section */

/* Begin PBXProject section */
		6DFDD0CC247FFFB5009F382A /* Project object */ = {
			isa = PBXProject;
			attributes = {
				LastSwiftUpdateCheck = 1150;
				LastUpgradeCheck = 1150;
				ORGANIZATIONNAME = "Bosko Petreski";
				TargetAttributes = {
					6DFDD0D3247FFFB5009F382A = {
						CreatedOnToolsVersion = 11.5;
					};
				};
			};
			buildConfigurationList = 6DFDD0CF247FFFB5009F382A /* Build configuration list for PBXProject "iNavTelemetry" */;
			compatibilityVersion = "Xcode 9.3";
			developmentRegion = en;
			hasScannedForEncodings = 0;
			knownRegions = (
				en,
				Base,
			);
			mainGroup = 6DFDD0CB247FFFB5009F382A;
			packageReferences = (
				6DFDD0ED2480066F009F382A /* XCRemoteSwiftPackageReference "MBProgressHUD" */,
				6DFDD0F02480067D009F382A /* XCRemoteSwiftPackageReference "Toast-Swift" */,
			);
			productRefGroup = 6DFDD0D5247FFFB5009F382A /* Products */;
			projectDirPath = "";
			projectRoot = "";
			targets = (
				6DFDD0D3247FFFB5009F382A /* iNavTelemetry */,
			);
		};
/* End PBXProject section */

/* Begin PBXResourcesBuildPhase section */
		6DFDD0D2247FFFB5009F382A /* Resources */ = {
			isa = PBXResourcesBuildPhase;
			buildActionMask = 2147483647;
			files = (
				6DFDD0E4247FFFB6009F382A /* LaunchScreen.storyboard in Resources */,
				6DFDD0E1247FFFB6009F382A /* Assets.xcassets in Resources */,
				6DFDD0DF247FFFB5009F382A /* Main.storyboard in Resources */,
			);
			runOnlyForDeploymentPostprocessing = 0;
		};
/* End PBXResourcesBuildPhase section */

/* Begin PBXSourcesBuildPhase section */
		6DFDD0D0247FFFB5009F382A /* Sources */ = {
			isa = PBXSourcesBuildPhase;
			buildActionMask = 2147483647;
			files = (
				6DFDD0DC247FFFB5009F382A /* ViewController.swift in Sources */,
				6DFDD0D8247FFFB5009F382A /* AppDelegate.swift in Sources */,
				6DFDD0EC24800003009F382A /* LocationPointAnnotation.swift in Sources */,
				6DFDD0DA247FFFB5009F382A /* SceneDelegate.swift in Sources */,
			);
			runOnlyForDeploymentPostprocessing = 0;
		};
/* End PBXSourcesBuildPhase section */

/* Begin PBXVariantGroup section */
		6DFDD0DD247FFFB5009F382A /* Main.storyboard */ = {
			isa = PBXVariantGroup;
			children = (
				6DFDD0DE247FFFB5009F382A /* Base */,
			);
			name = Main.storyboard;
			sourceTree = "<group>";
		};
		6DFDD0E2247FFFB6009F382A /* LaunchScreen.storyboard */ = {
			isa = PBXVariantGroup;
			children = (
				6DFDD0E3247FFFB6009F382A /* Base */,
			);
			name = LaunchScreen.storyboard;
			sourceTree = "<group>";
		};
/* End PBXVariantGroup section */

/* Begin XCBuildConfiguration section */
		6DFDD0E6247FFFB6009F382A /* Debug */ = {
			isa = XCBuildConfiguration;
			buildSettings = {
				ALWAYS_SEARCH_USER_PATHS = NO;
				CLANG_ANALYZER_NONNULL = YES;
				CLANG_ANALYZER_NUMBER_OBJECT_CONVERSION = YES_AGGRESSIVE;
				CLANG_CXX_LANGUAGE_STANDARD = "gnu++14";
				CLANG_CXX_LIBRARY = "libc++";
				CLANG_ENABLE_MODULES = YES;
				CLANG_ENABLE_OBJC_ARC = YES;
				CLANG_ENABLE_OBJC_WEAK = YES;
				CLANG_WARN_BLOCK_CAPTURE_AUTORELEASING = YES;
				CLANG_WARN_BOOL_CONVERSION = YES;
				CLANG_WARN_COMMA = YES;
				CLANG_WARN_CONSTANT_CONVERSION = YES;
				CLANG_WARN_DEPRECATED_OBJC_IMPLEMENTATIONS = YES;
				CLANG_WARN_DIRECT_OBJC_ISA_USAGE = YES_ERROR;
				CLANG_WARN_DOCUMENTATION_COMMENTS = YES;
				CLANG_WARN_EMPTY_BODY = YES;
				CLANG_WARN_ENUM_CONVERSION = YES;
				CLANG_WARN_INFINITE_RECURSION = YES;
				CLANG_WARN_INT_CONVERSION = YES;
				CLANG_WARN_NON_LITERAL_NULL_CONVERSION = YES;
				CLANG_WARN_OBJC_IMPLICIT_RETAIN_SELF = YES;
				CLANG_WARN_OBJC_LITERAL_CONVERSION = YES;
				CLANG_WARN_OBJC_ROOT_CLASS = YES_ERROR;
				CLANG_WARN_RANGE_LOOP_ANALYSIS = YES;
				CLANG_WARN_STRICT_PROTOTYPES = YES;
				CLANG_WARN_SUSPICIOUS_MOVE = YES;
				CLANG_WARN_UNGUARDED_AVAILABILITY = YES_AGGRESSIVE;
				CLANG_WARN_UNREACHABLE_CODE = YES;
				CLANG_WARN__DUPLICATE_METHOD_MATCH = YES;
				COPY_PHASE_STRIP = NO;
				DEBUG_INFORMATION_FORMAT = dwarf;
				ENABLE_STRICT_OBJC_MSGSEND = YES;
				ENABLE_TESTABILITY = YES;
				GCC_C_LANGUAGE_STANDARD = gnu11;
				GCC_DYNAMIC_NO_PIC = NO;
				GCC_NO_COMMON_BLOCKS = YES;
				GCC_OPTIMIZATION_LEVEL = 0;
				GCC_PREPROCESSOR_DEFINITIONS = (
					"DEBUG=1",
					"$(inherited)",
				);
				GCC_WARN_64_TO_32_BIT_CONVERSION = YES;
				GCC_WARN_ABOUT_RETURN_TYPE = YES_ERROR;
				GCC_WARN_UNDECLARED_SELECTOR = YES;
				GCC_WARN_UNINITIALIZED_AUTOS = YES_AGGRESSIVE;
				GCC_WARN_UNUSED_FUNCTION = YES;
				GCC_WARN_UNUSED_VARIABLE = YES;
				IPHONEOS_DEPLOYMENT_TARGET = 13.5;
				MTL_ENABLE_DEBUG_INFO = INCLUDE_SOURCE;
				MTL_FAST_MATH = YES;
				ONLY_ACTIVE_ARCH = YES;
				SDKROOT = iphoneos;
				SWIFT_ACTIVE_COMPILATION_CONDITIONS = DEBUG;
				SWIFT_OPTIMIZATION_LEVEL = "-Onone";
			};
			name = Debug;
		};
		6DFDD0E7247FFFB6009F382A /* Release */ = {
			isa = XCBuildConfiguration;
			buildSettings = {
				ALWAYS_SEARCH_USER_PATHS = NO;
				CLANG_ANALYZER_NONNULL = YES;
				CLANG_ANALYZER_NUMBER_OBJECT_CONVERSION = YES_AGGRESSIVE;
				CLANG_CXX_LANGUAGE_STANDARD = "gnu++14";
				CLANG_CXX_LIBRARY = "libc++";
				CLANG_ENABLE_MODULES = YES;
				CLANG_ENABLE_OBJC_ARC = YES;
				CLANG_ENABLE_OBJC_WEAK = YES;
				CLANG_WARN_BLOCK_CAPTURE_AUTORELEASING = YES;
				CLANG_WARN_BOOL_CONVERSION = YES;
				CLANG_WARN_COMMA = YES;
				CLANG_WARN_CONSTANT_CONVERSION = YES;
				CLANG_WARN_DEPRECATED_OBJC_IMPLEMENTATIONS = YES;
				CLANG_WARN_DIRECT_OBJC_ISA_USAGE = YES_ERROR;
				CLANG_WARN_DOCUMENTATION_COMMENTS = YES;
				CLANG_WARN_EMPTY_BODY = YES;
				CLANG_WARN_ENUM_CONVERSION = YES;
				CLANG_WARN_INFINITE_RECURSION = YES;
				CLANG_WARN_INT_CONVERSION = YES;
				CLANG_WARN_NON_LITERAL_NULL_CONVERSION = YES;
				CLANG_WARN_OBJC_IMPLICIT_RETAIN_SELF = YES;
				CLANG_WARN_OBJC_LITERAL_CONVERSION = YES;
				CLANG_WARN_OBJC_ROOT_CLASS = YES_ERROR;
				CLANG_WARN_RANGE_LOOP_ANALYSIS = YES;
				CLANG_WARN_STRICT_PROTOTYPES = YES;
				CLANG_WARN_SUSPICIOUS_MOVE = YES;
				CLANG_WARN_UNGUARDED_AVAILABILITY = YES_AGGRESSIVE;
				CLANG_WARN_UNREACHABLE_CODE = YES;
				CLANG_WARN__DUPLICATE_METHOD_MATCH = YES;
				COPY_PHASE_STRIP = NO;
				DEBUG_INFORMATION_FORMAT = "dwarf-with-dsym";
				ENABLE_NS_ASSERTIONS = NO;
				ENABLE_STRICT_OBJC_MSGSEND = YES;
				GCC_C_LANGUAGE_STANDARD = gnu11;
				GCC_NO_COMMON_BLOCKS = YES;
				GCC_WARN_64_TO_32_BIT_CONVERSION = YES;
				GCC_WARN_ABOUT_RETURN_TYPE = YES_ERROR;
				GCC_WARN_UNDECLARED_SELECTOR = YES;
				GCC_WARN_UNINITIALIZED_AUTOS = YES_AGGRESSIVE;
				GCC_WARN_UNUSED_FUNCTION = YES;
				GCC_WARN_UNUSED_VARIABLE = YES;
				IPHONEOS_DEPLOYMENT_TARGET = 13.5;
				MTL_ENABLE_DEBUG_INFO = NO;
				MTL_FAST_MATH = YES;
				SDKROOT = iphoneos;
				SWIFT_COMPILATION_MODE = wholemodule;
				SWIFT_OPTIMIZATION_LEVEL = "-O";
				VALIDATE_PRODUCT = YES;
			};
			name = Release;
		};
		6DFDD0E9247FFFB6009F382A /* Debug */ = {
			isa = XCBuildConfiguration;
			buildSettings = {
				ASSETCATALOG_COMPILER_APPICON_NAME = AppIcon;
				CODE_SIGN_STYLE = Automatic;
				DEVELOPMENT_TEAM = RXDLA8Y5J4;
				INFOPLIST_FILE = iNavTelemetry/Info.plist;
				LD_RUNPATH_SEARCH_PATHS = (
					"$(inherited)",
					"@executable_path/Frameworks",
				);
				PRODUCT_BUNDLE_IDENTIFIER = us.g6.testapp.iNavTelemetry;
				PRODUCT_NAME = "$(TARGET_NAME)";
				SWIFT_VERSION = 5.0;
				TARGETED_DEVICE_FAMILY = "1,2";
			};
			name = Debug;
		};
		6DFDD0EA247FFFB6009F382A /* Release */ = {
			isa = XCBuildConfiguration;
			buildSettings = {
				ASSETCATALOG_COMPILER_APPICON_NAME = AppIcon;
				CODE_SIGN_STYLE = Automatic;
				DEVELOPMENT_TEAM = RXDLA8Y5J4;
				INFOPLIST_FILE = iNavTelemetry/Info.plist;
				LD_RUNPATH_SEARCH_PATHS = (
					"$(inherited)",
					"@executable_path/Frameworks",
				);
				PRODUCT_BUNDLE_IDENTIFIER = us.g6.testapp.iNavTelemetry;
				PRODUCT_NAME = "$(TARGET_NAME)";
				SWIFT_VERSION = 5.0;
				TARGETED_DEVICE_FAMILY = "1,2";
			};
			name = Release;
		};
/* End XCBuildConfiguration section */

/* Begin XCConfigurationList section */
		6DFDD0CF247FFFB5009F382A /* Build configuration list for PBXProject "iNavTelemetry" */ = {
			isa = XCConfigurationList;
			buildConfigurations = (
				6DFDD0E6247FFFB6009F382A /* Debug */,
				6DFDD0E7247FFFB6009F382A /* Release */,
			);
			defaultConfigurationIsVisible = 0;
			defaultConfigurationName = Release;
		};
		6DFDD0E8247FFFB6009F382A /* Build configuration list for PBXNativeTarget "iNavTelemetry" */ = {
			isa = XCConfigurationList;
			buildConfigurations = (
				6DFDD0E9247FFFB6009F382A /* Debug */,
				6DFDD0EA247FFFB6009F382A /* Release */,
			);
			defaultConfigurationIsVisible = 0;
			defaultConfigurationName = Release;
		};
/* End XCConfigurationList section */

/* Begin XCRemoteSwiftPackageReference section */
		6DFDD0ED2480066F009F382A /* XCRemoteSwiftPackageReference "MBProgressHUD" */ = {
			isa = XCRemoteSwiftPackageReference;
			repositoryURL = "https://github.com/jdg/MBProgressHUD.git";
			requirement = {
				kind = upToNextMajorVersion;
				minimumVersion = 1.2.0;
			};
		};
		6DFDD0F02480067D009F382A /* XCRemoteSwiftPackageReference "Toast-Swift" */ = {
			isa = XCRemoteSwiftPackageReference;
			repositoryURL = "https://github.com/scalessec/Toast-Swift";
			requirement = {
				kind = upToNextMajorVersion;
				minimumVersion = 5.0.1;
			};
		};
/* End XCRemoteSwiftPackageReference section */

/* Begin XCSwiftPackageProductDependency section */
		6DFDD0EE2480066F009F382A /* MBProgressHUD */ = {
			isa = XCSwiftPackageProductDependency;
			package = 6DFDD0ED2480066F009F382A /* XCRemoteSwiftPackageReference "MBProgressHUD" */;
			productName = MBProgressHUD;
		};
		6DFDD0F12480067D009F382A /* Toast */ = {
			isa = XCSwiftPackageProductDependency;
			package = 6DFDD0F02480067D009F382A /* XCRemoteSwiftPackageReference "Toast-Swift" */;
			productName = Toast;
		};
/* End XCSwiftPackageProductDependency section */
	};
	rootObject = 6DFDD0CC247FFFB5009F382A /* Project object */;
}
