// !$*UTF8*$!
{
	archiveVersion = 1;
	classes = {
	};
	objectVersion = 50;
	objects = {

/* Begin PBXBuildFile section */
		6D02C82727941C2A009D7047 /* TelemetryTypes.swift in Sources */ = {isa = PBXBuildFile; fileRef = 6D02C82627941C2A009D7047 /* TelemetryTypes.swift */; };
		6D04DBEE26E4D0AA003783F2 /* DisplayView.swift in Sources */ = {isa = PBXBuildFile; fileRef = 6D04DBED26E4D0AA003783F2 /* DisplayView.swift */; };
		6D04DBFB26E4DC67003783F2 /* InstrumentView.swift in Sources */ = {isa = PBXBuildFile; fileRef = 6D04DBFA26E4DC67003783F2 /* InstrumentView.swift */; };
		6D04DC0526E4EAD2003783F2 /* AttitudeView.swift in Sources */ = {isa = PBXBuildFile; fileRef = 6D04DC0426E4EAD2003783F2 /* AttitudeView.swift */; };
		6D04DC0826E4EADA003783F2 /* CompassView.swift in Sources */ = {isa = PBXBuildFile; fileRef = 6D04DC0726E4EADA003783F2 /* CompassView.swift */; };
		6D04DC0B26E4EE2C003783F2 /* ConnectionView.swift in Sources */ = {isa = PBXBuildFile; fileRef = 6D04DC0A26E4EE2C003783F2 /* ConnectionView.swift */; };
		6D04DC0E26E4F4BD003783F2 /* Logbook.swift in Sources */ = {isa = PBXBuildFile; fileRef = 6D04DC0D26E4F4BD003783F2 /* Logbook.swift */; };
		6D06263126EE8C1000FCAC40 /* BluetoothManager.swift in Sources */ = {isa = PBXBuildFile; fileRef = 6D06263026EE8C1000FCAC40 /* BluetoothManager.swift */; };
		6D1082C027A6CD6C00725B45 /* BluetoothCommunicator.swift in Sources */ = {isa = PBXBuildFile; fileRef = 6D1082BF27A6CD6C00725B45 /* BluetoothCommunicator.swift */; };
		6D1082C227A6DD4A00725B45 /* BluetoothManagerSpec.swift in Sources */ = {isa = PBXBuildFile; fileRef = 6D1082C127A6DD4A00725B45 /* BluetoothManagerSpec.swift */; };
		6D34745526E4CD39001F1E59 /* iNavTelemetryApp.swift in Sources */ = {isa = PBXBuildFile; fileRef = 6D34745426E4CD39001F1E59 /* iNavTelemetryApp.swift */; };
		6D34745726E4CD39001F1E59 /* Dashboard.swift in Sources */ = {isa = PBXBuildFile; fileRef = 6D34745626E4CD39001F1E59 /* Dashboard.swift */; };
		6D34745926E4CD3A001F1E59 /* Assets.xcassets in Resources */ = {isa = PBXBuildFile; fileRef = 6D34745826E4CD3A001F1E59 /* Assets.xcassets */; };
		6D34745C26E4CD3A001F1E59 /* Preview Assets.xcassets in Resources */ = {isa = PBXBuildFile; fileRef = 6D34745B26E4CD3A001F1E59 /* Preview Assets.xcassets */; };
		6D34746926E4CDBB001F1E59 /* MapView.swift in Sources */ = {isa = PBXBuildFile; fileRef = 6D34746826E4CDBB001F1E59 /* MapView.swift */; };
		6D3F821A26ED47FF009B408D /* SmartPort.swift in Sources */ = {isa = PBXBuildFile; fileRef = 6D3F821526ED47FF009B408D /* SmartPort.swift */; };
		6D3F821B26ED47FF009B408D /* Msp_v2.swift in Sources */ = {isa = PBXBuildFile; fileRef = 6D3F821626ED47FF009B408D /* Msp_v2.swift */; };
		6D3F821C26ED47FF009B408D /* Msp_v1.swift in Sources */ = {isa = PBXBuildFile; fileRef = 6D3F821726ED47FF009B408D /* Msp_v1.swift */; };
		6D3F821D26ED47FF009B408D /* TelemetryManager.swift in Sources */ = {isa = PBXBuildFile; fileRef = 6D3F821826ED47FF009B408D /* TelemetryManager.swift */; };
		6D3F821E26ED47FF009B408D /* Custom.swift in Sources */ = {isa = PBXBuildFile; fileRef = 6D3F821926ED47FF009B408D /* Custom.swift */; };
		6D3FEF49279F504C0034EEBC /* CloudStorageSpec.swift in Sources */ = {isa = PBXBuildFile; fileRef = 6D3FEF48279F504C0034EEBC /* CloudStorageSpec.swift */; };
		6D3FEF4C279F6BD80034EEBC /* CloudManager.swift in Sources */ = {isa = PBXBuildFile; fileRef = 6D3FEF4B279F6BD80034EEBC /* CloudManager.swift */; };
		6D3FEF4F279F7B440034EEBC /* SocketCommunicator.swift in Sources */ = {isa = PBXBuildFile; fileRef = 6D3FEF4E279F7B440034EEBC /* SocketCommunicator.swift */; };
		6D3FEF51279F7B7B0034EEBC /* SocketCommunicatorSpec.swift in Sources */ = {isa = PBXBuildFile; fileRef = 6D3FEF50279F7B7B0034EEBC /* SocketCommunicatorSpec.swift */; };
		6D458C57279830F500B05E4A /* TelemetryData.swift in Sources */ = {isa = PBXBuildFile; fileRef = 6D458C56279830F500B05E4A /* TelemetryData.swift */; };
		6D458C592798312D00B05E4A /* TelemetryDataSpec.swift in Sources */ = {isa = PBXBuildFile; fileRef = 6D458C582798312D00B05E4A /* TelemetryDataSpec.swift */; };
		6D458C5B279832D400B05E4A /* TelemetryManagerSpec.swift in Sources */ = {isa = PBXBuildFile; fileRef = 6D458C5A279832D400B05E4A /* TelemetryManagerSpec.swift */; };
		6D458C5D279835D100B05E4A /* SmartPortSpec.swift in Sources */ = {isa = PBXBuildFile; fileRef = 6D458C5C279835D100B05E4A /* SmartPortSpec.swift */; };
		6D458C5F2798365B00B05E4A /* MavLinkv2Spec.swift in Sources */ = {isa = PBXBuildFile; fileRef = 6D458C5E2798365B00B05E4A /* MavLinkv2Spec.swift */; };
		6D458C612798369700B05E4A /* MavLinkv1Spec.swift in Sources */ = {isa = PBXBuildFile; fileRef = 6D458C602798369700B05E4A /* MavLinkv1Spec.swift */; };
		6D458C63279836EB00B05E4A /* MSPv1Spec.swift in Sources */ = {isa = PBXBuildFile; fileRef = 6D458C62279836EB00B05E4A /* MSPv1Spec.swift */; };
		6D458C6527983A3800B05E4A /* MSPv2Spec.swift in Sources */ = {isa = PBXBuildFile; fileRef = 6D458C6427983A3800B05E4A /* MSPv2Spec.swift */; };
		6D46055B27958B510017EC5A /* TelemetryTypesSpec.swift in Sources */ = {isa = PBXBuildFile; fileRef = 6D46055A27958B510017EC5A /* TelemetryTypesSpec.swift */; };
		6D49B7A326E80515006833A9 /* AppViewModel.swift in Sources */ = {isa = PBXBuildFile; fileRef = 6D49B7A226E80515006833A9 /* AppViewModel.swift */; };
		6D5B151F2701EC9F001C40BF /* CloudStorage.swift in Sources */ = {isa = PBXBuildFile; fileRef = 6D5B151E2701EC9F001C40BF /* CloudStorage.swift */; };
		6D7B1C6027AAB0A400A1790D /* CRCMavLink.swift in Sources */ = {isa = PBXBuildFile; fileRef = 6D7B1C5F27AAB0A400A1790D /* CRCMavLink.swift */; };
		6D7B1C6327AAB0ED00A1790D /* CRCMavLinkSpec.swift in Sources */ = {isa = PBXBuildFile; fileRef = 6D7B1C6227AAB0ED00A1790D /* CRCMavLinkSpec.swift */; };
		6D80B9DB27A0AC50005A3614 /* DataLoggerManager.swift in Sources */ = {isa = PBXBuildFile; fileRef = 6D80B9DA27A0AC50005A3614 /* DataLoggerManager.swift */; };
		6D80B9DD27A0ACDA005A3614 /* LocalStorageSpec.swift in Sources */ = {isa = PBXBuildFile; fileRef = 6D80B9DC27A0ACDA005A3614 /* LocalStorageSpec.swift */; };
		6DAF1E5426EDEAD700DBE06A /* LocalStorage.swift in Sources */ = {isa = PBXBuildFile; fileRef = 6DAF1E5326EDEAD700DBE06A /* LocalStorage.swift */; };
		6DBA3DCB27119B9500D79FFB /* MavLink_v2.swift in Sources */ = {isa = PBXBuildFile; fileRef = 6DBA3DCA27119B9500D79FFB /* MavLink_v2.swift */; };
		6DC2C2AE27A890A900384701 /* AppViewModelSpec.swift in Sources */ = {isa = PBXBuildFile; fileRef = 6DC2C2AD27A890A900384701 /* AppViewModelSpec.swift */; };
		6DD7D1AF26F3D46E00735EA2 /* MainView.swift in Sources */ = {isa = PBXBuildFile; fileRef = 6DD7D1AE26F3D46E00735EA2 /* MainView.swift */; };
		6DDD9052271E1AC00031E328 /* MavLink_v1.swift in Sources */ = {isa = PBXBuildFile; fileRef = 6DDD9051271E1ABF0031E328 /* MavLink_v1.swift */; };
		6DF2432D26F5F5E600DE6FE8 /* SocketManager.swift in Sources */ = {isa = PBXBuildFile; fileRef = 6DF2432C26F5F5E600DE6FE8 /* SocketManager.swift */; };
		6DF6723A27012558007CBD63 /* MapViewLines.swift in Sources */ = {isa = PBXBuildFile; fileRef = 6DF6723927012558007CBD63 /* MapViewLines.swift */; };
/* End PBXBuildFile section */

/* Begin PBXContainerItemProxy section */
		6D4E9AEE2794E81D00EBF7B5 /* PBXContainerItemProxy */ = {
			isa = PBXContainerItemProxy;
			containerPortal = 6D34744926E4CD39001F1E59 /* Project object */;
			proxyType = 1;
			remoteGlobalIDString = 6D34745026E4CD39001F1E59;
			remoteInfo = iNavTelemetry;
		};
/* End PBXContainerItemProxy section */

/* Begin PBXFileReference section */
		6D02C82627941C2A009D7047 /* TelemetryTypes.swift */ = {isa = PBXFileReference; lastKnownFileType = sourcecode.swift; path = TelemetryTypes.swift; sourceTree = "<group>"; };
		6D04DBED26E4D0AA003783F2 /* DisplayView.swift */ = {isa = PBXFileReference; lastKnownFileType = sourcecode.swift; path = DisplayView.swift; sourceTree = "<group>"; };
		6D04DBFA26E4DC67003783F2 /* InstrumentView.swift */ = {isa = PBXFileReference; lastKnownFileType = sourcecode.swift; path = InstrumentView.swift; sourceTree = "<group>"; };
		6D04DC0426E4EAD2003783F2 /* AttitudeView.swift */ = {isa = PBXFileReference; lastKnownFileType = sourcecode.swift; path = AttitudeView.swift; sourceTree = "<group>"; };
		6D04DC0726E4EADA003783F2 /* CompassView.swift */ = {isa = PBXFileReference; lastKnownFileType = sourcecode.swift; path = CompassView.swift; sourceTree = "<group>"; };
		6D04DC0A26E4EE2C003783F2 /* ConnectionView.swift */ = {isa = PBXFileReference; lastKnownFileType = sourcecode.swift; path = ConnectionView.swift; sourceTree = "<group>"; };
		6D04DC0D26E4F4BD003783F2 /* Logbook.swift */ = {isa = PBXFileReference; lastKnownFileType = sourcecode.swift; path = Logbook.swift; sourceTree = "<group>"; };
		6D06263026EE8C1000FCAC40 /* BluetoothManager.swift */ = {isa = PBXFileReference; lastKnownFileType = sourcecode.swift; path = BluetoothManager.swift; sourceTree = "<group>"; };
		6D1082BF27A6CD6C00725B45 /* BluetoothCommunicator.swift */ = {isa = PBXFileReference; lastKnownFileType = sourcecode.swift; path = BluetoothCommunicator.swift; sourceTree = "<group>"; };
		6D1082C127A6DD4A00725B45 /* BluetoothManagerSpec.swift */ = {isa = PBXFileReference; lastKnownFileType = sourcecode.swift; path = BluetoothManagerSpec.swift; sourceTree = "<group>"; };
		6D34745126E4CD39001F1E59 /* iNavTelemetry.app */ = {isa = PBXFileReference; explicitFileType = wrapper.application; includeInIndex = 0; path = iNavTelemetry.app; sourceTree = BUILT_PRODUCTS_DIR; };
		6D34745426E4CD39001F1E59 /* iNavTelemetryApp.swift */ = {isa = PBXFileReference; lastKnownFileType = sourcecode.swift; path = iNavTelemetryApp.swift; sourceTree = "<group>"; };
		6D34745626E4CD39001F1E59 /* Dashboard.swift */ = {isa = PBXFileReference; lastKnownFileType = sourcecode.swift; path = Dashboard.swift; sourceTree = "<group>"; };
		6D34745826E4CD3A001F1E59 /* Assets.xcassets */ = {isa = PBXFileReference; lastKnownFileType = folder.assetcatalog; path = Assets.xcassets; sourceTree = "<group>"; };
		6D34745B26E4CD3A001F1E59 /* Preview Assets.xcassets */ = {isa = PBXFileReference; lastKnownFileType = folder.assetcatalog; path = "Preview Assets.xcassets"; sourceTree = "<group>"; };
		6D34745D26E4CD3A001F1E59 /* Info.plist */ = {isa = PBXFileReference; lastKnownFileType = text.plist.xml; path = Info.plist; sourceTree = "<group>"; };
		6D34746826E4CDBB001F1E59 /* MapView.swift */ = {isa = PBXFileReference; lastKnownFileType = sourcecode.swift; path = MapView.swift; sourceTree = "<group>"; };
		6D3F821526ED47FF009B408D /* SmartPort.swift */ = {isa = PBXFileReference; fileEncoding = 4; lastKnownFileType = sourcecode.swift; path = SmartPort.swift; sourceTree = "<group>"; };
		6D3F821626ED47FF009B408D /* Msp_v2.swift */ = {isa = PBXFileReference; fileEncoding = 4; lastKnownFileType = sourcecode.swift; path = Msp_v2.swift; sourceTree = "<group>"; };
		6D3F821726ED47FF009B408D /* Msp_v1.swift */ = {isa = PBXFileReference; fileEncoding = 4; lastKnownFileType = sourcecode.swift; path = Msp_v1.swift; sourceTree = "<group>"; };
		6D3F821826ED47FF009B408D /* TelemetryManager.swift */ = {isa = PBXFileReference; fileEncoding = 4; lastKnownFileType = sourcecode.swift; path = TelemetryManager.swift; sourceTree = "<group>"; };
		6D3F821926ED47FF009B408D /* Custom.swift */ = {isa = PBXFileReference; fileEncoding = 4; lastKnownFileType = sourcecode.swift; path = Custom.swift; sourceTree = "<group>"; };
		6D3FEF48279F504C0034EEBC /* CloudStorageSpec.swift */ = {isa = PBXFileReference; lastKnownFileType = sourcecode.swift; path = CloudStorageSpec.swift; sourceTree = "<group>"; };
		6D3FEF4B279F6BD80034EEBC /* CloudManager.swift */ = {isa = PBXFileReference; lastKnownFileType = sourcecode.swift; path = CloudManager.swift; sourceTree = "<group>"; };
		6D3FEF4E279F7B440034EEBC /* SocketCommunicator.swift */ = {isa = PBXFileReference; lastKnownFileType = sourcecode.swift; path = SocketCommunicator.swift; sourceTree = "<group>"; };
		6D3FEF50279F7B7B0034EEBC /* SocketCommunicatorSpec.swift */ = {isa = PBXFileReference; lastKnownFileType = sourcecode.swift; path = SocketCommunicatorSpec.swift; sourceTree = "<group>"; };
		6D458C56279830F500B05E4A /* TelemetryData.swift */ = {isa = PBXFileReference; lastKnownFileType = sourcecode.swift; path = TelemetryData.swift; sourceTree = "<group>"; };
		6D458C582798312D00B05E4A /* TelemetryDataSpec.swift */ = {isa = PBXFileReference; lastKnownFileType = sourcecode.swift; path = TelemetryDataSpec.swift; sourceTree = "<group>"; };
		6D458C5A279832D400B05E4A /* TelemetryManagerSpec.swift */ = {isa = PBXFileReference; lastKnownFileType = sourcecode.swift; path = TelemetryManagerSpec.swift; sourceTree = "<group>"; };
		6D458C5C279835D100B05E4A /* SmartPortSpec.swift */ = {isa = PBXFileReference; lastKnownFileType = sourcecode.swift; path = SmartPortSpec.swift; sourceTree = "<group>"; };
		6D458C5E2798365B00B05E4A /* MavLinkv2Spec.swift */ = {isa = PBXFileReference; lastKnownFileType = sourcecode.swift; path = MavLinkv2Spec.swift; sourceTree = "<group>"; };
		6D458C602798369700B05E4A /* MavLinkv1Spec.swift */ = {isa = PBXFileReference; lastKnownFileType = sourcecode.swift; path = MavLinkv1Spec.swift; sourceTree = "<group>"; };
		6D458C62279836EB00B05E4A /* MSPv1Spec.swift */ = {isa = PBXFileReference; lastKnownFileType = sourcecode.swift; path = MSPv1Spec.swift; sourceTree = "<group>"; };
		6D458C6427983A3800B05E4A /* MSPv2Spec.swift */ = {isa = PBXFileReference; lastKnownFileType = sourcecode.swift; path = MSPv2Spec.swift; sourceTree = "<group>"; };
		6D46055A27958B510017EC5A /* TelemetryTypesSpec.swift */ = {isa = PBXFileReference; lastKnownFileType = sourcecode.swift; path = TelemetryTypesSpec.swift; sourceTree = "<group>"; };
		6D49B7A226E80515006833A9 /* AppViewModel.swift */ = {isa = PBXFileReference; lastKnownFileType = sourcecode.swift; path = AppViewModel.swift; sourceTree = "<group>"; };
		6D4E9AEA2794E81D00EBF7B5 /* iNavTelemetryTests.xctest */ = {isa = PBXFileReference; explicitFileType = wrapper.cfbundle; includeInIndex = 0; path = iNavTelemetryTests.xctest; sourceTree = BUILT_PRODUCTS_DIR; };
		6D5B151C2701EB82001C40BF /* iNavTelemetry.entitlements */ = {isa = PBXFileReference; lastKnownFileType = text.plist.entitlements; path = iNavTelemetry.entitlements; sourceTree = "<group>"; };
		6D5B151E2701EC9F001C40BF /* CloudStorage.swift */ = {isa = PBXFileReference; lastKnownFileType = sourcecode.swift; path = CloudStorage.swift; sourceTree = "<group>"; };
		6D7B1C5F27AAB0A400A1790D /* CRCMavLink.swift */ = {isa = PBXFileReference; lastKnownFileType = sourcecode.swift; path = CRCMavLink.swift; sourceTree = "<group>"; };
		6D7B1C6227AAB0ED00A1790D /* CRCMavLinkSpec.swift */ = {isa = PBXFileReference; lastKnownFileType = sourcecode.swift; path = CRCMavLinkSpec.swift; sourceTree = "<group>"; };
		6D80B9DA27A0AC50005A3614 /* DataLoggerManager.swift */ = {isa = PBXFileReference; lastKnownFileType = sourcecode.swift; path = DataLoggerManager.swift; sourceTree = "<group>"; };
		6D80B9DC27A0ACDA005A3614 /* LocalStorageSpec.swift */ = {isa = PBXFileReference; lastKnownFileType = sourcecode.swift; path = LocalStorageSpec.swift; sourceTree = "<group>"; };
		6DAF1E5326EDEAD700DBE06A /* LocalStorage.swift */ = {isa = PBXFileReference; fileEncoding = 4; lastKnownFileType = sourcecode.swift; path = LocalStorage.swift; sourceTree = "<group>"; };
		6DBA3DCA27119B9500D79FFB /* MavLink_v2.swift */ = {isa = PBXFileReference; lastKnownFileType = sourcecode.swift; path = MavLink_v2.swift; sourceTree = "<group>"; };
		6DC2C2AD27A890A900384701 /* AppViewModelSpec.swift */ = {isa = PBXFileReference; lastKnownFileType = sourcecode.swift; path = AppViewModelSpec.swift; sourceTree = "<group>"; };
		6DD7D1AE26F3D46E00735EA2 /* MainView.swift */ = {isa = PBXFileReference; lastKnownFileType = sourcecode.swift; path = MainView.swift; sourceTree = "<group>"; };
		6DDD9051271E1ABF0031E328 /* MavLink_v1.swift */ = {isa = PBXFileReference; fileEncoding = 4; lastKnownFileType = sourcecode.swift; path = MavLink_v1.swift; sourceTree = "<group>"; };
		6DF2432C26F5F5E600DE6FE8 /* SocketManager.swift */ = {isa = PBXFileReference; fileEncoding = 4; lastKnownFileType = sourcecode.swift; path = SocketManager.swift; sourceTree = "<group>"; };
		6DF6723927012558007CBD63 /* MapViewLines.swift */ = {isa = PBXFileReference; lastKnownFileType = sourcecode.swift; path = MapViewLines.swift; sourceTree = "<group>"; };
/* End PBXFileReference section */

/* Begin PBXFrameworksBuildPhase section */
		6D34744E26E4CD39001F1E59 /* Frameworks */ = {
			isa = PBXFrameworksBuildPhase;
			buildActionMask = 2147483647;
			files = (
			);
			runOnlyForDeploymentPostprocessing = 0;
		};
		6D4E9AE72794E81D00EBF7B5 /* Frameworks */ = {
			isa = PBXFrameworksBuildPhase;
			buildActionMask = 2147483647;
			files = (
			);
			runOnlyForDeploymentPostprocessing = 0;
		};
/* End PBXFrameworksBuildPhase section */

/* Begin PBXGroup section */
		6D1082BE27A6CD4F00725B45 /* BluetoothCommunicator */ = {
			isa = PBXGroup;
			children = (
				6D06263026EE8C1000FCAC40 /* BluetoothManager.swift */,
				6D1082BF27A6CD6C00725B45 /* BluetoothCommunicator.swift */,
			);
			path = BluetoothCommunicator;
			sourceTree = "<group>";
		};
		6D34744826E4CD39001F1E59 = {
			isa = PBXGroup;
			children = (
				6D34745326E4CD39001F1E59 /* iNavTelemetry */,
				6D4E9AEB2794E81D00EBF7B5 /* iNavTelemetryTests */,
				6D34745226E4CD39001F1E59 /* Products */,
				6DF67235270120A0007CBD63 /* Frameworks */,
			);
			sourceTree = "<group>";
		};
		6D34745226E4CD39001F1E59 /* Products */ = {
			isa = PBXGroup;
			children = (
				6D34745126E4CD39001F1E59 /* iNavTelemetry.app */,
				6D4E9AEA2794E81D00EBF7B5 /* iNavTelemetryTests.xctest */,
			);
			name = Products;
			sourceTree = "<group>";
		};
		6D34745326E4CD39001F1E59 /* iNavTelemetry */ = {
			isa = PBXGroup;
			children = (
				6DF1F27526E5F5FE00DCACA4 /* Framework */,
				6D34746626E4CDA6001F1E59 /* Views */,
				6D34745626E4CD39001F1E59 /* Dashboard.swift */,
				6D04DC0D26E4F4BD003783F2 /* Logbook.swift */,
				6DD7D1AE26F3D46E00735EA2 /* MainView.swift */,
				6D34745426E4CD39001F1E59 /* iNavTelemetryApp.swift */,
				6D34745826E4CD3A001F1E59 /* Assets.xcassets */,
				6D5B151C2701EB82001C40BF /* iNavTelemetry.entitlements */,
				6D34745D26E4CD3A001F1E59 /* Info.plist */,
				6D34745A26E4CD3A001F1E59 /* Preview Content */,
			);
			path = iNavTelemetry;
			sourceTree = "<group>";
		};
		6D34745A26E4CD3A001F1E59 /* Preview Content */ = {
			isa = PBXGroup;
			children = (
				6D34745B26E4CD3A001F1E59 /* Preview Assets.xcassets */,
			);
			path = "Preview Content";
			sourceTree = "<group>";
		};
		6D34746626E4CDA6001F1E59 /* Views */ = {
			isa = PBXGroup;
			children = (
				6D34746826E4CDBB001F1E59 /* MapView.swift */,
				6DF6723927012558007CBD63 /* MapViewLines.swift */,
				6D04DC0426E4EAD2003783F2 /* AttitudeView.swift */,
				6D04DC0726E4EADA003783F2 /* CompassView.swift */,
				6D04DBED26E4D0AA003783F2 /* DisplayView.swift */,
				6D04DBFA26E4DC67003783F2 /* InstrumentView.swift */,
				6D04DC0A26E4EE2C003783F2 /* ConnectionView.swift */,
			);
			path = Views;
			sourceTree = "<group>";
		};
		6D3F821426ED47FF009B408D /* TelemetryManager */ = {
			isa = PBXGroup;
			children = (
				6D7B1C6127AAB0C700A1790D /* Utils */,
				6DAF1E5726EDF57400DBE06A /* Protocols */,
				6D3F821826ED47FF009B408D /* TelemetryManager.swift */,
				6D02C82627941C2A009D7047 /* TelemetryTypes.swift */,
				6D458C56279830F500B05E4A /* TelemetryData.swift */,
			);
			path = TelemetryManager;
			sourceTree = "<group>";
		};
		6D3FEF4A279F6BB20034EEBC /* CloudStorage */ = {
			isa = PBXGroup;
			children = (
				6D5B151E2701EC9F001C40BF /* CloudStorage.swift */,
				6D3FEF4B279F6BD80034EEBC /* CloudManager.swift */,
			);
			path = CloudStorage;
			sourceTree = "<group>";
		};
		6D3FEF4D279F7B210034EEBC /* SocketCommunicator */ = {
			isa = PBXGroup;
			children = (
				6DF2432C26F5F5E600DE6FE8 /* SocketManager.swift */,
				6D3FEF4E279F7B440034EEBC /* SocketCommunicator.swift */,
			);
			path = SocketCommunicator;
			sourceTree = "<group>";
		};
		6D4E9AEB2794E81D00EBF7B5 /* iNavTelemetryTests */ = {
			isa = PBXGroup;
			children = (
				6D46055A27958B510017EC5A /* TelemetryTypesSpec.swift */,
				6D458C582798312D00B05E4A /* TelemetryDataSpec.swift */,
				6D458C5A279832D400B05E4A /* TelemetryManagerSpec.swift */,
				6D458C5C279835D100B05E4A /* SmartPortSpec.swift */,
				6D458C5E2798365B00B05E4A /* MavLinkv2Spec.swift */,
				6D458C602798369700B05E4A /* MavLinkv1Spec.swift */,
				6D458C62279836EB00B05E4A /* MSPv1Spec.swift */,
				6D458C6427983A3800B05E4A /* MSPv2Spec.swift */,
				6D3FEF48279F504C0034EEBC /* CloudStorageSpec.swift */,
				6D3FEF50279F7B7B0034EEBC /* SocketCommunicatorSpec.swift */,
				6D80B9DC27A0ACDA005A3614 /* LocalStorageSpec.swift */,
				6D1082C127A6DD4A00725B45 /* BluetoothManagerSpec.swift */,
				6DC2C2AD27A890A900384701 /* AppViewModelSpec.swift */,
				6D7B1C6227AAB0ED00A1790D /* CRCMavLinkSpec.swift */,
			);
			path = iNavTelemetryTests;
			sourceTree = "<group>";
		};
		6D7B1C6127AAB0C700A1790D /* Utils */ = {
			isa = PBXGroup;
			children = (
				6D7B1C5F27AAB0A400A1790D /* CRCMavLink.swift */,
			);
			path = Utils;
			sourceTree = "<group>";
		};
		6D80B9D927A0AC17005A3614 /* LocalStorage */ = {
			isa = PBXGroup;
			children = (
				6DAF1E5326EDEAD700DBE06A /* LocalStorage.swift */,
				6D80B9DA27A0AC50005A3614 /* DataLoggerManager.swift */,
			);
			path = LocalStorage;
			sourceTree = "<group>";
		};
		6DAF1E5726EDF57400DBE06A /* Protocols */ = {
			isa = PBXGroup;
			children = (
				6D3F821526ED47FF009B408D /* SmartPort.swift */,
				6DBA3DCA27119B9500D79FFB /* MavLink_v2.swift */,
				6DDD9051271E1ABF0031E328 /* MavLink_v1.swift */,
				6D3F821626ED47FF009B408D /* Msp_v2.swift */,
				6D3F821726ED47FF009B408D /* Msp_v1.swift */,
				6D3F821926ED47FF009B408D /* Custom.swift */,
			);
			path = Protocols;
			sourceTree = "<group>";
		};
		6DF1F27526E5F5FE00DCACA4 /* Framework */ = {
			isa = PBXGroup;
			children = (
				6D1082BE27A6CD4F00725B45 /* BluetoothCommunicator */,
				6D80B9D927A0AC17005A3614 /* LocalStorage */,
				6D3FEF4D279F7B210034EEBC /* SocketCommunicator */,
				6D3FEF4A279F6BB20034EEBC /* CloudStorage */,
				6D3F821426ED47FF009B408D /* TelemetryManager */,
				6D49B7A226E80515006833A9 /* AppViewModel.swift */,
			);
			path = Framework;
			sourceTree = "<group>";
		};
		6DF67235270120A0007CBD63 /* Frameworks */ = {
			isa = PBXGroup;
			children = (
			);
			name = Frameworks;
			sourceTree = "<group>";
		};
/* End PBXGroup section */

/* Begin PBXNativeTarget section */
		6D34745026E4CD39001F1E59 /* iNavTelemetry */ = {
			isa = PBXNativeTarget;
			buildConfigurationList = 6D34746026E4CD3A001F1E59 /* Build configuration list for PBXNativeTarget "iNavTelemetry" */;
			buildPhases = (
				6D34744D26E4CD39001F1E59 /* Sources */,
				6D34744E26E4CD39001F1E59 /* Frameworks */,
				6D34744F26E4CD39001F1E59 /* Resources */,
			);
			buildRules = (
			);
			dependencies = (
			);
			name = iNavTelemetry;
			packageProductDependencies = (
			);
			productName = iNavTelemetry;
			productReference = 6D34745126E4CD39001F1E59 /* iNavTelemetry.app */;
			productType = "com.apple.product-type.application";
		};
		6D4E9AE92794E81D00EBF7B5 /* iNavTelemetryTests */ = {
			isa = PBXNativeTarget;
			buildConfigurationList = 6D4E9AF02794E81D00EBF7B5 /* Build configuration list for PBXNativeTarget "iNavTelemetryTests" */;
			buildPhases = (
				6D4E9AE62794E81D00EBF7B5 /* Sources */,
				6D4E9AE72794E81D00EBF7B5 /* Frameworks */,
				6D4E9AE82794E81D00EBF7B5 /* Resources */,
			);
			buildRules = (
			);
			dependencies = (
				6D4E9AEF2794E81D00EBF7B5 /* PBXTargetDependency */,
			);
			name = iNavTelemetryTests;
			productName = iNavTelemetryTests;
			productReference = 6D4E9AEA2794E81D00EBF7B5 /* iNavTelemetryTests.xctest */;
			productType = "com.apple.product-type.bundle.unit-test";
		};
/* End PBXNativeTarget section */

/* Begin PBXProject section */
		6D34744926E4CD39001F1E59 /* Project object */ = {
			isa = PBXProject;
			attributes = {
				LastSwiftUpdateCheck = 1320;
				LastUpgradeCheck = 1240;
				TargetAttributes = {
					6D34745026E4CD39001F1E59 = {
						CreatedOnToolsVersion = 12.4;
					};
					6D4E9AE92794E81D00EBF7B5 = {
						CreatedOnToolsVersion = 13.2;
						TestTargetID = 6D34745026E4CD39001F1E59;
					};
				};
			};
			buildConfigurationList = 6D34744C26E4CD39001F1E59 /* Build configuration list for PBXProject "iNavTelemetry" */;
			compatibilityVersion = "Xcode 9.3";
			developmentRegion = en;
			hasScannedForEncodings = 0;
			knownRegions = (
				en,
				Base,
			);
			mainGroup = 6D34744826E4CD39001F1E59;
			packageReferences = (
			);
			productRefGroup = 6D34745226E4CD39001F1E59 /* Products */;
			projectDirPath = "";
			projectRoot = "";
			targets = (
				6D34745026E4CD39001F1E59 /* iNavTelemetry */,
				6D4E9AE92794E81D00EBF7B5 /* iNavTelemetryTests */,
			);
		};
/* End PBXProject section */

/* Begin PBXResourcesBuildPhase section */
		6D34744F26E4CD39001F1E59 /* Resources */ = {
			isa = PBXResourcesBuildPhase;
			buildActionMask = 2147483647;
			files = (
				6D34745C26E4CD3A001F1E59 /* Preview Assets.xcassets in Resources */,
				6D34745926E4CD3A001F1E59 /* Assets.xcassets in Resources */,
			);
			runOnlyForDeploymentPostprocessing = 0;
		};
		6D4E9AE82794E81D00EBF7B5 /* Resources */ = {
			isa = PBXResourcesBuildPhase;
			buildActionMask = 2147483647;
			files = (
			);
			runOnlyForDeploymentPostprocessing = 0;
		};
/* End PBXResourcesBuildPhase section */

/* Begin PBXSourcesBuildPhase section */
		6D34744D26E4CD39001F1E59 /* Sources */ = {
			isa = PBXSourcesBuildPhase;
			buildActionMask = 2147483647;
			files = (
				6D04DC0826E4EADA003783F2 /* CompassView.swift in Sources */,
				6D3F821E26ED47FF009B408D /* Custom.swift in Sources */,
				6DF6723A27012558007CBD63 /* MapViewLines.swift in Sources */,
				6D7B1C6027AAB0A400A1790D /* CRCMavLink.swift in Sources */,
				6D34745726E4CD39001F1E59 /* Dashboard.swift in Sources */,
				6D06263126EE8C1000FCAC40 /* BluetoothManager.swift in Sources */,
				6D3FEF4C279F6BD80034EEBC /* CloudManager.swift in Sources */,
				6DF2432D26F5F5E600DE6FE8 /* SocketManager.swift in Sources */,
				6DD7D1AF26F3D46E00735EA2 /* MainView.swift in Sources */,
				6DDD9052271E1AC00031E328 /* MavLink_v1.swift in Sources */,
				6D04DC0B26E4EE2C003783F2 /* ConnectionView.swift in Sources */,
				6D49B7A326E80515006833A9 /* AppViewModel.swift in Sources */,
				6DAF1E5426EDEAD700DBE06A /* LocalStorage.swift in Sources */,
				6DBA3DCB27119B9500D79FFB /* MavLink_v2.swift in Sources */,
				6D3F821D26ED47FF009B408D /* TelemetryManager.swift in Sources */,
				6D3FEF4F279F7B440034EEBC /* SocketCommunicator.swift in Sources */,
				6D04DBEE26E4D0AA003783F2 /* DisplayView.swift in Sources */,
				6D3F821A26ED47FF009B408D /* SmartPort.swift in Sources */,
				6D1082C027A6CD6C00725B45 /* BluetoothCommunicator.swift in Sources */,
				6D02C82727941C2A009D7047 /* TelemetryTypes.swift in Sources */,
				6D04DC0E26E4F4BD003783F2 /* Logbook.swift in Sources */,
				6D04DC0526E4EAD2003783F2 /* AttitudeView.swift in Sources */,
				6D04DBFB26E4DC67003783F2 /* InstrumentView.swift in Sources */,
				6D34746926E4CDBB001F1E59 /* MapView.swift in Sources */,
				6D458C57279830F500B05E4A /* TelemetryData.swift in Sources */,
				6D3F821C26ED47FF009B408D /* Msp_v1.swift in Sources */,
				6D5B151F2701EC9F001C40BF /* CloudStorage.swift in Sources */,
				6D3F821B26ED47FF009B408D /* Msp_v2.swift in Sources */,
				6D34745526E4CD39001F1E59 /* iNavTelemetryApp.swift in Sources */,
				6D80B9DB27A0AC50005A3614 /* DataLoggerManager.swift in Sources */,
			);
			runOnlyForDeploymentPostprocessing = 0;
		};
		6D4E9AE62794E81D00EBF7B5 /* Sources */ = {
			isa = PBXSourcesBuildPhase;
			buildActionMask = 2147483647;
			files = (
				6D458C612798369700B05E4A /* MavLinkv1Spec.swift in Sources */,
				6D458C5B279832D400B05E4A /* TelemetryManagerSpec.swift in Sources */,
				6D3FEF51279F7B7B0034EEBC /* SocketCommunicatorSpec.swift in Sources */,
				6D458C5D279835D100B05E4A /* SmartPortSpec.swift in Sources */,
				6D458C63279836EB00B05E4A /* MSPv1Spec.swift in Sources */,
				6D458C592798312D00B05E4A /* TelemetryDataSpec.swift in Sources */,
				6D80B9DD27A0ACDA005A3614 /* LocalStorageSpec.swift in Sources */,
				6DC2C2AE27A890A900384701 /* AppViewModelSpec.swift in Sources */,
				6D3FEF49279F504C0034EEBC /* CloudStorageSpec.swift in Sources */,
				6D1082C227A6DD4A00725B45 /* BluetoothManagerSpec.swift in Sources */,
				6D458C6527983A3800B05E4A /* MSPv2Spec.swift in Sources */,
				6D458C5F2798365B00B05E4A /* MavLinkv2Spec.swift in Sources */,
				6D7B1C6327AAB0ED00A1790D /* CRCMavLinkSpec.swift in Sources */,
				6D46055B27958B510017EC5A /* TelemetryTypesSpec.swift in Sources */,
			);
			runOnlyForDeploymentPostprocessing = 0;
		};
/* End PBXSourcesBuildPhase section */

/* Begin PBXTargetDependency section */
		6D4E9AEF2794E81D00EBF7B5 /* PBXTargetDependency */ = {
			isa = PBXTargetDependency;
			target = 6D34745026E4CD39001F1E59 /* iNavTelemetry */;
			targetProxy = 6D4E9AEE2794E81D00EBF7B5 /* PBXContainerItemProxy */;
		};
/* End PBXTargetDependency section */

/* Begin XCBuildConfiguration section */
		6D34745E26E4CD3A001F1E59 /* Debug */ = {
			isa = XCBuildConfiguration;
			buildSettings = {
				ALWAYS_SEARCH_USER_PATHS = NO;
				CLANG_ANALYZER_NONNULL = YES;
				CLANG_ANALYZER_NUMBER_OBJECT_CONVERSION = YES_AGGRESSIVE;
				CLANG_CXX_LANGUAGE_STANDARD = "gnu++14";
				CLANG_CXX_LIBRARY = "libc++";
				CLANG_ENABLE_MODULES = YES;
				CLANG_ENABLE_OBJC_ARC = YES;
				CLANG_ENABLE_OBJC_WEAK = YES;
				CLANG_WARN_BLOCK_CAPTURE_AUTORELEASING = YES;
				CLANG_WARN_BOOL_CONVERSION = YES;
				CLANG_WARN_COMMA = YES;
				CLANG_WARN_CONSTANT_CONVERSION = YES;
				CLANG_WARN_DEPRECATED_OBJC_IMPLEMENTATIONS = YES;
				CLANG_WARN_DIRECT_OBJC_ISA_USAGE = YES_ERROR;
				CLANG_WARN_DOCUMENTATION_COMMENTS = YES;
				CLANG_WARN_EMPTY_BODY = YES;
				CLANG_WARN_ENUM_CONVERSION = YES;
				CLANG_WARN_INFINITE_RECURSION = YES;
				CLANG_WARN_INT_CONVERSION = YES;
				CLANG_WARN_NON_LITERAL_NULL_CONVERSION = YES;
				CLANG_WARN_OBJC_IMPLICIT_RETAIN_SELF = YES;
				CLANG_WARN_OBJC_LITERAL_CONVERSION = YES;
				CLANG_WARN_OBJC_ROOT_CLASS = YES_ERROR;
				CLANG_WARN_QUOTED_INCLUDE_IN_FRAMEWORK_HEADER = YES;
				CLANG_WARN_RANGE_LOOP_ANALYSIS = YES;
				CLANG_WARN_STRICT_PROTOTYPES = YES;
				CLANG_WARN_SUSPICIOUS_MOVE = YES;
				CLANG_WARN_UNGUARDED_AVAILABILITY = YES_AGGRESSIVE;
				CLANG_WARN_UNREACHABLE_CODE = YES;
				CLANG_WARN__DUPLICATE_METHOD_MATCH = YES;
				COPY_PHASE_STRIP = NO;
				DEBUG_INFORMATION_FORMAT = dwarf;
				ENABLE_STRICT_OBJC_MSGSEND = YES;
				ENABLE_TESTABILITY = YES;
				GCC_C_LANGUAGE_STANDARD = gnu11;
				GCC_DYNAMIC_NO_PIC = NO;
				GCC_NO_COMMON_BLOCKS = YES;
				GCC_OPTIMIZATION_LEVEL = 0;
				GCC_PREPROCESSOR_DEFINITIONS = (
					"DEBUG=1",
					"$(inherited)",
				);
				GCC_WARN_64_TO_32_BIT_CONVERSION = YES;
				GCC_WARN_ABOUT_RETURN_TYPE = YES_ERROR;
				GCC_WARN_UNDECLARED_SELECTOR = YES;
				GCC_WARN_UNINITIALIZED_AUTOS = YES_AGGRESSIVE;
				GCC_WARN_UNUSED_FUNCTION = YES;
				GCC_WARN_UNUSED_VARIABLE = YES;
				IPHONEOS_DEPLOYMENT_TARGET = 14.4;
				MTL_ENABLE_DEBUG_INFO = INCLUDE_SOURCE;
				MTL_FAST_MATH = YES;
				ONLY_ACTIVE_ARCH = YES;
				SDKROOT = iphoneos;
				SWIFT_ACTIVE_COMPILATION_CONDITIONS = DEBUG;
				SWIFT_OPTIMIZATION_LEVEL = "-Onone";
			};
			name = Debug;
		};
		6D34745F26E4CD3A001F1E59 /* Release */ = {
			isa = XCBuildConfiguration;
			buildSettings = {
				ALWAYS_SEARCH_USER_PATHS = NO;
				CLANG_ANALYZER_NONNULL = YES;
				CLANG_ANALYZER_NUMBER_OBJECT_CONVERSION = YES_AGGRESSIVE;
				CLANG_CXX_LANGUAGE_STANDARD = "gnu++14";
				CLANG_CXX_LIBRARY = "libc++";
				CLANG_ENABLE_MODULES = YES;
				CLANG_ENABLE_OBJC_ARC = YES;
				CLANG_ENABLE_OBJC_WEAK = YES;
				CLANG_WARN_BLOCK_CAPTURE_AUTORELEASING = YES;
				CLANG_WARN_BOOL_CONVERSION = YES;
				CLANG_WARN_COMMA = YES;
				CLANG_WARN_CONSTANT_CONVERSION = YES;
				CLANG_WARN_DEPRECATED_OBJC_IMPLEMENTATIONS = YES;
				CLANG_WARN_DIRECT_OBJC_ISA_USAGE = YES_ERROR;
				CLANG_WARN_DOCUMENTATION_COMMENTS = YES;
				CLANG_WARN_EMPTY_BODY = YES;
				CLANG_WARN_ENUM_CONVERSION = YES;
				CLANG_WARN_INFINITE_RECURSION = YES;
				CLANG_WARN_INT_CONVERSION = YES;
				CLANG_WARN_NON_LITERAL_NULL_CONVERSION = YES;
				CLANG_WARN_OBJC_IMPLICIT_RETAIN_SELF = YES;
				CLANG_WARN_OBJC_LITERAL_CONVERSION = YES;
				CLANG_WARN_OBJC_ROOT_CLASS = YES_ERROR;
				CLANG_WARN_QUOTED_INCLUDE_IN_FRAMEWORK_HEADER = YES;
				CLANG_WARN_RANGE_LOOP_ANALYSIS = YES;
				CLANG_WARN_STRICT_PROTOTYPES = YES;
				CLANG_WARN_SUSPICIOUS_MOVE = YES;
				CLANG_WARN_UNGUARDED_AVAILABILITY = YES_AGGRESSIVE;
				CLANG_WARN_UNREACHABLE_CODE = YES;
				CLANG_WARN__DUPLICATE_METHOD_MATCH = YES;
				COPY_PHASE_STRIP = NO;
				DEBUG_INFORMATION_FORMAT = "dwarf-with-dsym";
				ENABLE_NS_ASSERTIONS = NO;
				ENABLE_STRICT_OBJC_MSGSEND = YES;
				GCC_C_LANGUAGE_STANDARD = gnu11;
				GCC_NO_COMMON_BLOCKS = YES;
				GCC_WARN_64_TO_32_BIT_CONVERSION = YES;
				GCC_WARN_ABOUT_RETURN_TYPE = YES_ERROR;
				GCC_WARN_UNDECLARED_SELECTOR = YES;
				GCC_WARN_UNINITIALIZED_AUTOS = YES_AGGRESSIVE;
				GCC_WARN_UNUSED_FUNCTION = YES;
				GCC_WARN_UNUSED_VARIABLE = YES;
				IPHONEOS_DEPLOYMENT_TARGET = 14.4;
				MTL_ENABLE_DEBUG_INFO = NO;
				MTL_FAST_MATH = YES;
				SDKROOT = iphoneos;
				SWIFT_COMPILATION_MODE = wholemodule;
				SWIFT_OPTIMIZATION_LEVEL = "-O";
				VALIDATE_PRODUCT = YES;
			};
			name = Release;
		};
		6D34746126E4CD3A001F1E59 /* Debug */ = {
			isa = XCBuildConfiguration;
			buildSettings = {
				ASSETCATALOG_COMPILER_APPICON_NAME = AppIcon;
				ASSETCATALOG_COMPILER_GLOBAL_ACCENT_COLOR_NAME = AccentColor;
				CODE_SIGN_ENTITLEMENTS = iNavTelemetry/iNavTelemetry.entitlements;
				CODE_SIGN_STYLE = Automatic;
				CURRENT_PROJECT_VERSION = 1;
				DEVELOPMENT_ASSET_PATHS = "\"iNavTelemetry/Preview Content\"";
				DEVELOPMENT_TEAM = J3GF9MP3U5;
				ENABLE_PREVIEWS = YES;
				INFOPLIST_FILE = iNavTelemetry/Info.plist;
				IPHONEOS_DEPLOYMENT_TARGET = 14.0;
				LD_RUNPATH_SEARCH_PATHS = (
					"$(inherited)",
					"@executable_path/Frameworks",
				);
				MARKETING_VERSION = 2.1.0;
				PRODUCT_BUNDLE_IDENTIFIER = bosko.inav;
				PRODUCT_NAME = "$(TARGET_NAME)";
				SUPPORTS_MACCATALYST = YES;
				SWIFT_VERSION = 5.0;
				TARGETED_DEVICE_FAMILY = "1,2";
			};
			name = Debug;
		};
		6D34746226E4CD3A001F1E59 /* Release */ = {
			isa = XCBuildConfiguration;
			buildSettings = {
				ASSETCATALOG_COMPILER_APPICON_NAME = AppIcon;
				ASSETCATALOG_COMPILER_GLOBAL_ACCENT_COLOR_NAME = AccentColor;
				CODE_SIGN_ENTITLEMENTS = iNavTelemetry/iNavTelemetry.entitlements;
				CODE_SIGN_STYLE = Automatic;
				CURRENT_PROJECT_VERSION = 1;
				DEVELOPMENT_ASSET_PATHS = "\"iNavTelemetry/Preview Content\"";
				DEVELOPMENT_TEAM = J3GF9MP3U5;
				ENABLE_PREVIEWS = YES;
				INFOPLIST_FILE = iNavTelemetry/Info.plist;
				IPHONEOS_DEPLOYMENT_TARGET = 14.0;
				LD_RUNPATH_SEARCH_PATHS = (
					"$(inherited)",
					"@executable_path/Frameworks",
				);
				MARKETING_VERSION = 2.1.0;
				PRODUCT_BUNDLE_IDENTIFIER = bosko.inav;
				PRODUCT_NAME = "$(TARGET_NAME)";
				SUPPORTS_MACCATALYST = YES;
				SWIFT_VERSION = 5.0;
				TARGETED_DEVICE_FAMILY = "1,2";
			};
			name = Release;
		};
		6D46055D2795C71C0017EC5A /* Testing */ = {
			isa = XCBuildConfiguration;
			buildSettings = {
				ALWAYS_SEARCH_USER_PATHS = NO;
				CLANG_ANALYZER_NONNULL = YES;
				CLANG_ANALYZER_NUMBER_OBJECT_CONVERSION = YES_AGGRESSIVE;
				CLANG_CXX_LANGUAGE_STANDARD = "gnu++14";
				CLANG_CXX_LIBRARY = "libc++";
				CLANG_ENABLE_MODULES = YES;
				CLANG_ENABLE_OBJC_ARC = YES;
				CLANG_ENABLE_OBJC_WEAK = YES;
				CLANG_WARN_BLOCK_CAPTURE_AUTORELEASING = YES;
				CLANG_WARN_BOOL_CONVERSION = YES;
				CLANG_WARN_COMMA = YES;
				CLANG_WARN_CONSTANT_CONVERSION = YES;
				CLANG_WARN_DEPRECATED_OBJC_IMPLEMENTATIONS = YES;
				CLANG_WARN_DIRECT_OBJC_ISA_USAGE = YES_ERROR;
				CLANG_WARN_DOCUMENTATION_COMMENTS = YES;
				CLANG_WARN_EMPTY_BODY = YES;
				CLANG_WARN_ENUM_CONVERSION = YES;
				CLANG_WARN_INFINITE_RECURSION = YES;
				CLANG_WARN_INT_CONVERSION = YES;
				CLANG_WARN_NON_LITERAL_NULL_CONVERSION = YES;
				CLANG_WARN_OBJC_IMPLICIT_RETAIN_SELF = YES;
				CLANG_WARN_OBJC_LITERAL_CONVERSION = YES;
				CLANG_WARN_OBJC_ROOT_CLASS = YES_ERROR;
				CLANG_WARN_QUOTED_INCLUDE_IN_FRAMEWORK_HEADER = YES;
				CLANG_WARN_RANGE_LOOP_ANALYSIS = YES;
				CLANG_WARN_STRICT_PROTOTYPES = YES;
				CLANG_WARN_SUSPICIOUS_MOVE = YES;
				CLANG_WARN_UNGUARDED_AVAILABILITY = YES_AGGRESSIVE;
				CLANG_WARN_UNREACHABLE_CODE = YES;
				CLANG_WARN__DUPLICATE_METHOD_MATCH = YES;
				COPY_PHASE_STRIP = NO;
				DEBUG_INFORMATION_FORMAT = dwarf;
				ENABLE_STRICT_OBJC_MSGSEND = YES;
				ENABLE_TESTABILITY = YES;
				GCC_C_LANGUAGE_STANDARD = gnu11;
				GCC_DYNAMIC_NO_PIC = NO;
				GCC_NO_COMMON_BLOCKS = YES;
				GCC_OPTIMIZATION_LEVEL = 0;
				GCC_PREPROCESSOR_DEFINITIONS = "";
				GCC_WARN_64_TO_32_BIT_CONVERSION = YES;
				GCC_WARN_ABOUT_RETURN_TYPE = YES_ERROR;
				GCC_WARN_UNDECLARED_SELECTOR = YES;
				GCC_WARN_UNINITIALIZED_AUTOS = YES_AGGRESSIVE;
				GCC_WARN_UNUSED_FUNCTION = YES;
				GCC_WARN_UNUSED_VARIABLE = YES;
				IPHONEOS_DEPLOYMENT_TARGET = 14.4;
				MTL_ENABLE_DEBUG_INFO = INCLUDE_SOURCE;
				MTL_FAST_MATH = YES;
				ONLY_ACTIVE_ARCH = NO;
				SDKROOT = iphoneos;
				SWIFT_ACTIVE_COMPILATION_CONDITIONS = DO_NOT_UNIT_TEST;
				SWIFT_OPTIMIZATION_LEVEL = "-Onone";
			};
			name = Testing;
		};
		6D46055E2795C71C0017EC5A /* Testing */ = {
			isa = XCBuildConfiguration;
			buildSettings = {
				ASSETCATALOG_COMPILER_APPICON_NAME = AppIcon;
				ASSETCATALOG_COMPILER_GLOBAL_ACCENT_COLOR_NAME = AccentColor;
				CODE_SIGN_ENTITLEMENTS = iNavTelemetry/iNavTelemetry.entitlements;
				CODE_SIGN_STYLE = Automatic;
				CURRENT_PROJECT_VERSION = 1;
				DEVELOPMENT_ASSET_PATHS = "\"iNavTelemetry/Preview Content\"";
				DEVELOPMENT_TEAM = J3GF9MP3U5;
				ENABLE_PREVIEWS = YES;
				GCC_PREPROCESSOR_DEFINITIONS = "";
				INFOPLIST_FILE = iNavTelemetry/Info.plist;
				IPHONEOS_DEPLOYMENT_TARGET = 14.0;
				LD_RUNPATH_SEARCH_PATHS = (
					"$(inherited)",
					"@executable_path/Frameworks",
				);
				MARKETING_VERSION = 2.1.0;
				PRODUCT_BUNDLE_IDENTIFIER = bosko.inav;
				PRODUCT_NAME = "$(TARGET_NAME)";
				SUPPORTS_MACCATALYST = YES;
				SWIFT_VERSION = 5.0;
				TARGETED_DEVICE_FAMILY = "1,2";
			};
			name = Testing;
		};
		6D46055F2795C71C0017EC5A /* Testing */ = {
			isa = XCBuildConfiguration;
			buildSettings = {
				BUNDLE_LOADER = "$(TEST_HOST)";
				CLANG_CXX_LANGUAGE_STANDARD = "gnu++17";
				CODE_SIGN_STYLE = Automatic;
				CURRENT_PROJECT_VERSION = 1;
				DEVELOPMENT_TEAM = J3GF9MP3U5;
				GCC_PREPROCESSOR_DEFINITIONS = "";
				GENERATE_INFOPLIST_FILE = YES;
				IPHONEOS_DEPLOYMENT_TARGET = 14.0;
				MARKETING_VERSION = 1.0;
				PRODUCT_BUNDLE_IDENTIFIER = us.g6.iNavTelemetry.iNavTelemetryTests;
				PRODUCT_NAME = "$(TARGET_NAME)";
				SWIFT_EMIT_LOC_STRINGS = NO;
				SWIFT_VERSION = 5.0;
				TARGETED_DEVICE_FAMILY = "1,2";
				TEST_HOST = "$(BUILT_PRODUCTS_DIR)/iNavTelemetry.app/iNavTelemetry";
			};
			name = Testing;
		};
		6D4E9AF12794E81D00EBF7B5 /* Debug */ = {
			isa = XCBuildConfiguration;
			buildSettings = {
				BUNDLE_LOADER = "$(TEST_HOST)";
				CLANG_CXX_LANGUAGE_STANDARD = "gnu++17";
				CODE_SIGN_STYLE = Automatic;
				CURRENT_PROJECT_VERSION = 1;
				DEVELOPMENT_TEAM = J3GF9MP3U5;
				GCC_PREPROCESSOR_DEFINITIONS = "";
				GENERATE_INFOPLIST_FILE = YES;
				IPHONEOS_DEPLOYMENT_TARGET = 14.0;
				MARKETING_VERSION = 1.0;
				PRODUCT_BUNDLE_IDENTIFIER = us.g6.iNavTelemetry.iNavTelemetryTests;
				PRODUCT_NAME = "$(TARGET_NAME)";
				SWIFT_EMIT_LOC_STRINGS = NO;
				SWIFT_VERSION = 5.0;
				TARGETED_DEVICE_FAMILY = "1,2";
				TEST_HOST = "$(BUILT_PRODUCTS_DIR)/iNavTelemetry.app/iNavTelemetry";
			};
			name = Debug;
		};
		6D4E9AF22794E81D00EBF7B5 /* Release */ = {
			isa = XCBuildConfiguration;
			buildSettings = {
				BUNDLE_LOADER = "$(TEST_HOST)";
				CLANG_CXX_LANGUAGE_STANDARD = "gnu++17";
				CODE_SIGN_STYLE = Automatic;
				CURRENT_PROJECT_VERSION = 1;
				DEVELOPMENT_TEAM = J3GF9MP3U5;
				GENERATE_INFOPLIST_FILE = YES;
				IPHONEOS_DEPLOYMENT_TARGET = 14.0;
				MARKETING_VERSION = 1.0;
				PRODUCT_BUNDLE_IDENTIFIER = us.g6.iNavTelemetry.iNavTelemetryTests;
				PRODUCT_NAME = "$(TARGET_NAME)";
				SWIFT_EMIT_LOC_STRINGS = NO;
				SWIFT_VERSION = 5.0;
				TARGETED_DEVICE_FAMILY = "1,2";
				TEST_HOST = "$(BUILT_PRODUCTS_DIR)/iNavTelemetry.app/iNavTelemetry";
			};
			name = Release;
		};
/* End XCBuildConfiguration section */

/* Begin XCConfigurationList section */
		6D34744C26E4CD39001F1E59 /* Build configuration list for PBXProject "iNavTelemetry" */ = {
			isa = XCConfigurationList;
			buildConfigurations = (
				6D34745E26E4CD3A001F1E59 /* Debug */,
				6D46055D2795C71C0017EC5A /* Testing */,
				6D34745F26E4CD3A001F1E59 /* Release */,
			);
			defaultConfigurationIsVisible = 0;
			defaultConfigurationName = Release;
		};
		6D34746026E4CD3A001F1E59 /* Build configuration list for PBXNativeTarget "iNavTelemetry" */ = {
			isa = XCConfigurationList;
			buildConfigurations = (
				6D34746126E4CD3A001F1E59 /* Debug */,
				6D46055E2795C71C0017EC5A /* Testing */,
				6D34746226E4CD3A001F1E59 /* Release */,
			);
			defaultConfigurationIsVisible = 0;
			defaultConfigurationName = Release;
		};
		6D4E9AF02794E81D00EBF7B5 /* Build configuration list for PBXNativeTarget "iNavTelemetryTests" */ = {
			isa = XCConfigurationList;
			buildConfigurations = (
				6D4E9AF12794E81D00EBF7B5 /* Debug */,
				6D46055F2795C71C0017EC5A /* Testing */,
				6D4E9AF22794E81D00EBF7B5 /* Release */,
			);
			defaultConfigurationIsVisible = 0;
			defaultConfigurationName = Release;
		};
/* End XCConfigurationList section */
	};
	rootObject = 6D34744926E4CD39001F1E59 /* Project object */;
}
